PODS:
  - RxAtomic (4.4.2)
  - RxCocoa (4.4.1):
    - RxSwift (~> 4.0)
  - RxSwift (4.4.1):
    - RxAtomic (~> 4.4)

DEPENDENCIES:
  - RxCocoa (= 4.4.1)
  - RxSwift (= 4.4.1)

SPEC REPOS:
  trunk:
    - RxAtomic
    - RxCocoa
    - RxSwift

SPEC CHECKSUMS:
  RxAtomic: d00e97c10db88c6f08540e0bf2752fc5a2404167
  RxCocoa: 2f35a76bf8887872e28a1914112395b11b8e0e64
  RxSwift: 92fcf68dfef21f3e2ab1965363d9e7b3d787597e

PODFILE CHECKSUM: baa97a79b71515b4be4475e67fc2f1e7c8bf2199

COCOAPODS: 1.9.1
