// !$*UTF8*$!
{
	archiveVersion = 1;
	classes = {
	};
	objectVersion = 50;
	objects = {

/* Begin PBXBuildFile section */
		4C84DA63266A5C33006C288B /* LandmarkList.swift in Sources */ = {isa = PBXBuildFile; fileRef = 4C84DA62266A5C33006C288B /* LandmarkList.swift */; };
		4C84DA67266A608C006C288B /* LandmarkDetail.swift in Sources */ = {isa = PBXBuildFile; fileRef = 4C84DA66266A608C006C288B /* LandmarkDetail.swift */; };
		4CEF2A37266112640092CB5F /* LandmarksAppApp.swift in Sources */ = {isa = PBXBuildFile; fileRef = 4CEF2A36266112640092CB5F /* LandmarksAppApp.swift */; };
		4CEF2A39266112640092CB5F /* ContentView.swift in Sources */ = {isa = PBXBuildFile; fileRef = 4CEF2A38266112640092CB5F /* ContentView.swift */; };
		4CEF2A3B266112660092CB5F /* Assets.xcassets in Resources */ = {isa = PBXBuildFile; fileRef = 4CEF2A3A266112660092CB5F /* Assets.xcassets */; };
		4CEF2A3E266112660092CB5F /* Preview Assets.xcassets in Resources */ = {isa = PBXBuildFile; fileRef = 4CEF2A3D266112660092CB5F /* Preview Assets.xcassets */; };
		4CEF2A47266128B50092CB5F /* CircleImage.swift in Sources */ = {isa = PBXBuildFile; fileRef = 4CEF2A46266128B50092CB5F /* CircleImage.swift */; };
		4CEF2A4A26612DA80092CB5F /* MapView.swift in Sources */ = {isa = PBXBuildFile; fileRef = 4CEF2A4926612DA80092CB5F /* MapView.swift */; };
		4CEF2A4D266139DA0092CB5F /* landmarkData.json in Resources */ = {isa = PBXBuildFile; fileRef = 4CEF2A4C266139D90092CB5F /* landmarkData.json */; };
		4CEF2A5026613A110092CB5F /* Landmark.swift in Sources */ = {isa = PBXBuildFile; fileRef = 4CEF2A4F26613A110092CB5F /* Landmark.swift */; };
		4CEF2A53266141A10092CB5F /* ModelData.swift in Sources */ = {isa = PBXBuildFile; fileRef = 4CEF2A52266141A10092CB5F /* ModelData.swift */; };
		4CEF2A59266222630092CB5F /* LandmarkRow.swift in Sources */ = {isa = PBXBuildFile; fileRef = 4CEF2A58266222630092CB5F /* LandmarkRow.swift */; };
/* End PBXBuildFile section */

/* Begin PBXFileReference section */
		4C84DA62266A5C33006C288B /* LandmarkList.swift */ = {isa = PBXFileReference; lastKnownFileType = sourcecode.swift; path = LandmarkList.swift; sourceTree = "<group>"; };
		4C84DA66266A608C006C288B /* LandmarkDetail.swift */ = {isa = PBXFileReference; lastKnownFileType = sourcecode.swift; path = LandmarkDetail.swift; sourceTree = "<group>"; };
		4CEF2A33266112640092CB5F /* LandmarksApp.app */ = {isa = PBXFileReference; explicitFileType = wrapper.application; includeInIndex = 0; path = LandmarksApp.app; sourceTree = BUILT_PRODUCTS_DIR; };
		4CEF2A36266112640092CB5F /* LandmarksAppApp.swift */ = {isa = PBXFileReference; lastKnownFileType = sourcecode.swift; path = LandmarksAppApp.swift; sourceTree = "<group>"; };
		4CEF2A38266112640092CB5F /* ContentView.swift */ = {isa = PBXFileReference; lastKnownFileType = sourcecode.swift; path = ContentView.swift; sourceTree = "<group>"; };
		4CEF2A3A266112660092CB5F /* Assets.xcassets */ = {isa = PBXFileReference; lastKnownFileType = folder.assetcatalog; path = Assets.xcassets; sourceTree = "<group>"; };
		4CEF2A3D266112660092CB5F /* Preview Assets.xcassets */ = {isa = PBXFileReference; lastKnownFileType = folder.assetcatalog; path = "Preview Assets.xcassets"; sourceTree = "<group>"; };
		4CEF2A3F266112660092CB5F /* Info.plist */ = {isa = PBXFileReference; lastKnownFileType = text.plist.xml; path = Info.plist; sourceTree = "<group>"; };
		4CEF2A46266128B50092CB5F /* CircleImage.swift */ = {isa = PBXFileReference; lastKnownFileType = sourcecode.swift; path = CircleImage.swift; sourceTree = "<group>"; };
		4CEF2A4926612DA80092CB5F /* MapView.swift */ = {isa = PBXFileReference; lastKnownFileType = sourcecode.swift; path = MapView.swift; sourceTree = "<group>"; };
		4CEF2A4C266139D90092CB5F /* landmarkData.json */ = {isa = PBXFileReference; fileEncoding = 4; lastKnownFileType = text.json; path = landmarkData.json; sourceTree = "<group>"; };
		4CEF2A4F26613A110092CB5F /* Landmark.swift */ = {isa = PBXFileReference; lastKnownFileType = sourcecode.swift; path = Landmark.swift; sourceTree = "<group>"; };
		4CEF2A52266141A10092CB5F /* ModelData.swift */ = {isa = PBXFileReference; lastKnownFileType = sourcecode.swift; path = ModelData.swift; sourceTree = "<group>"; };
		4CEF2A58266222630092CB5F /* LandmarkRow.swift */ = {isa = PBXFileReference; lastKnownFileType = sourcecode.swift; path = LandmarkRow.swift; sourceTree = "<group>"; };
/* End PBXFileReference section */

/* Begin PBXFrameworksBuildPhase section */
		4CEF2A30266112640092CB5F /* Frameworks */ = {
			isa = PBXFrameworksBuildPhase;
			buildActionMask = 2147483647;
			files = (
			);
			runOnlyForDeploymentPostprocessing = 0;
		};
/* End PBXFrameworksBuildPhase section */

/* Begin PBXGroup section */
		4CEF2A2A266112640092CB5F = {
			isa = PBXGroup;
			children = (
				4CEF2A35266112640092CB5F /* LandmarksApp */,
				4CEF2A34266112640092CB5F /* Products */,
			);
			sourceTree = "<group>";
		};
		4CEF2A34266112640092CB5F /* Products */ = {
			isa = PBXGroup;
			children = (
				4CEF2A33266112640092CB5F /* LandmarksApp.app */,
			);
			name = Products;
			sourceTree = "<group>";
		};
		4CEF2A35266112640092CB5F /* LandmarksApp */ = {
			isa = PBXGroup;
			children = (
				4CEF2A55266220F80092CB5F /* Views */,
				4CEF2A562662210D0092CB5F /* Model */,
				4CEF2A57266221200092CB5F /* Resources */,
				4CEF2A36266112640092CB5F /* LandmarksAppApp.swift */,
				4CEF2A3A266112660092CB5F /* Assets.xcassets */,
				4CEF2A3F266112660092CB5F /* Info.plist */,
				4CEF2A3C266112660092CB5F /* Preview Content */,
			);
			path = LandmarksApp;
			sourceTree = "<group>";
		};
		4CEF2A3C266112660092CB5F /* Preview Content */ = {
			isa = PBXGroup;
			children = (
				4CEF2A3D266112660092CB5F /* Preview Assets.xcassets */,
			);
			path = "Preview Content";
			sourceTree = "<group>";
		};
		4CEF2A55266220F80092CB5F /* Views */ = {
			isa = PBXGroup;
			children = (
				4CEF2A38266112640092CB5F /* ContentView.swift */,
				4CEF2A46266128B50092CB5F /* CircleImage.swift */,
				4CEF2A4926612DA80092CB5F /* MapView.swift */,
				4CEF2A58266222630092CB5F /* LandmarkRow.swift */,
				4C84DA62266A5C33006C288B /* LandmarkList.swift */,
				4C84DA66266A608C006C288B /* LandmarkDetail.swift */,
			);
			path = Views;
			sourceTree = "<group>";
		};
		4CEF2A562662210D0092CB5F /* Model */ = {
			isa = PBXGroup;
			children = (
				4CEF2A52266141A10092CB5F /* ModelData.swift */,
				4CEF2A4F26613A110092CB5F /* Landmark.swift */,
			);
			path = Model;
			sourceTree = "<group>";
		};
		4CEF2A57266221200092CB5F /* Resources */ = {
			isa = PBXGroup;
			children = (
				4CEF2A4C266139D90092CB5F /* landmarkData.json */,
			);
			path = Resources;
			sourceTree = "<group>";
		};
/* End PBXGroup section */

/* Begin PBXNativeTarget section */
		4CEF2A32266112640092CB5F /* LandmarksApp */ = {
			isa = PBXNativeTarget;
			buildConfigurationList = 4CEF2A42266112660092CB5F /* Build configuration list for PBXNativeTarget "LandmarksApp" */;
			buildPhases = (
				4CEF2A2F266112640092CB5F /* Sources */,
				4CEF2A30266112640092CB5F /* Frameworks */,
				4CEF2A31266112640092CB5F /* Resources */,
			);
			buildRules = (
			);
			dependencies = (
			);
			name = LandmarksApp;
			productName = LandmarksApp;
			productReference = 4CEF2A33266112640092CB5F /* LandmarksApp.app */;
			productType = "com.apple.product-type.application";
		};
/* End PBXNativeTarget section */

/* Begin PBXProject section */
		4CEF2A2B266112640092CB5F /* Project object */ = {
			isa = PBXProject;
			attributes = {
				LastSwiftUpdateCheck = 1230;
				LastUpgradeCheck = 1230;
				TargetAttributes = {
					4CEF2A32266112640092CB5F = {
						CreatedOnToolsVersion = 12.3;
					};
				};
			};
			buildConfigurationList = 4CEF2A2E266112640092CB5F /* Build configuration list for PBXProject "LandmarksApp" */;
			compatibilityVersion = "Xcode 9.3";
			developmentRegion = en;
			hasScannedForEncodings = 0;
			knownRegions = (
				en,
				Base,
			);
			mainGroup = 4CEF2A2A266112640092CB5F;
			productRefGroup = 4CEF2A34266112640092CB5F /* Products */;
			projectDirPath = "";
			projectRoot = "";
			targets = (
				4CEF2A32266112640092CB5F /* LandmarksApp */,
			);
		};
/* End PBXProject section */

/* Begin PBXResourcesBuildPhase section */
		4CEF2A31266112640092CB5F /* Resources */ = {
			isa = PBXResourcesBuildPhase;
			buildActionMask = 2147483647;
			files = (
				4CEF2A3E266112660092CB5F /* Preview Assets.xcassets in Resources */,
				4CEF2A3B266112660092CB5F /* Assets.xcassets in Resources */,
				4CEF2A4D266139DA0092CB5F /* landmarkData.json in Resources */,
			);
			runOnlyForDeploymentPostprocessing = 0;
		};
/* End PBXResourcesBuildPhase section */

/* Begin PBXSourcesBuildPhase section */
		4CEF2A2F266112640092CB5F /* Sources */ = {
			isa = PBXSourcesBuildPhase;
			buildActionMask = 2147483647;
			files = (
				4CEF2A39266112640092CB5F /* ContentView.swift in Sources */,
				4CEF2A4A26612DA80092CB5F /* MapView.swift in Sources */,
				4CEF2A37266112640092CB5F /* LandmarksAppApp.swift in Sources */,
				4C84DA63266A5C33006C288B /* LandmarkList.swift in Sources */,
				4C84DA67266A608C006C288B /* LandmarkDetail.swift in Sources */,
				4CEF2A47266128B50092CB5F /* CircleImage.swift in Sources */,
				4CEF2A5026613A110092CB5F /* Landmark.swift in Sources */,
				4CEF2A59266222630092CB5F /* LandmarkRow.swift in Sources */,
				4CEF2A53266141A10092CB5F /* ModelData.swift in Sources */,
			);
			runOnlyForDeploymentPostprocessing = 0;
		};
/* End PBXSourcesBuildPhase section */

/* Begin XCBuildConfiguration section */
		4CEF2A40266112660092CB5F /* Debug */ = {
			isa = XCBuildConfiguration;
			buildSettings = {
				ALWAYS_SEARCH_USER_PATHS = NO;
				CLANG_ANALYZER_NONNULL = YES;
				CLANG_ANALYZER_NUMBER_OBJECT_CONVERSION = YES_AGGRESSIVE;
				CLANG_CXX_LANGUAGE_STANDARD = "gnu++14";
				CLANG_CXX_LIBRARY = "libc++";
				CLANG_ENABLE_MODULES = YES;
				CLANG_ENABLE_OBJC_ARC = YES;
				CLANG_ENABLE_OBJC_WEAK = YES;
				CLANG_WARN_BLOCK_CAPTURE_AUTORELEASING = YES;
				CLANG_WARN_BOOL_CONVERSION = YES;
				CLANG_WARN_COMMA = YES;
				CLANG_WARN_CONSTANT_CONVERSION = YES;
				CLANG_WARN_DEPRECATED_OBJC_IMPLEMENTATIONS = YES;
				CLANG_WARN_DIRECT_OBJC_ISA_USAGE = YES_ERROR;
				CLANG_WARN_DOCUMENTATION_COMMENTS = YES;
				CLANG_WARN_EMPTY_BODY = YES;
				CLANG_WARN_ENUM_CONVERSION = YES;
				CLANG_WARN_INFINITE_RECURSION = YES;
				CLANG_WARN_INT_CONVERSION = YES;
				CLANG_WARN_NON_LITERAL_NULL_CONVERSION = YES;
				CLANG_WARN_OBJC_IMPLICIT_RETAIN_SELF = YES;
				CLANG_WARN_OBJC_LITERAL_CONVERSION = YES;
				CLANG_WARN_OBJC_ROOT_CLASS = YES_ERROR;
				CLANG_WARN_QUOTED_INCLUDE_IN_FRAMEWORK_HEADER = YES;
				CLANG_WARN_RANGE_LOOP_ANALYSIS = YES;
				CLANG_WARN_STRICT_PROTOTYPES = YES;
				CLANG_WARN_SUSPICIOUS_MOVE = YES;
				CLANG_WARN_UNGUARDED_AVAILABILITY = YES_AGGRESSIVE;
				CLANG_WARN_UNREACHABLE_CODE = YES;
				CLANG_WARN__DUPLICATE_METHOD_MATCH = YES;
				COPY_PHASE_STRIP = NO;
				DEBUG_INFORMATION_FORMAT = dwarf;
				ENABLE_STRICT_OBJC_MSGSEND = YES;
				ENABLE_TESTABILITY = YES;
				GCC_C_LANGUAGE_STANDARD = gnu11;
				GCC_DYNAMIC_NO_PIC = NO;
				GCC_NO_COMMON_BLOCKS = YES;
				GCC_OPTIMIZATION_LEVEL = 0;
				GCC_PREPROCESSOR_DEFINITIONS = (
					"DEBUG=1",
					"$(inherited)",
				);
				GCC_WARN_64_TO_32_BIT_CONVERSION = YES;
				GCC_WARN_ABOUT_RETURN_TYPE = YES_ERROR;
				GCC_WARN_UNDECLARED_SELECTOR = YES;
				GCC_WARN_UNINITIALIZED_AUTOS = YES_AGGRESSIVE;
				GCC_WARN_UNUSED_FUNCTION = YES;
				GCC_WARN_UNUSED_VARIABLE = YES;
				IPHONEOS_DEPLOYMENT_TARGET = 14.3;
				MTL_ENABLE_DEBUG_INFO = INCLUDE_SOURCE;
				MTL_FAST_MATH = YES;
				ONLY_ACTIVE_ARCH = YES;
				SDKROOT = iphoneos;
				SWIFT_ACTIVE_COMPILATION_CONDITIONS = DEBUG;
				SWIFT_OPTIMIZATION_LEVEL = "-Onone";
			};
			name = Debug;
		};
		4CEF2A41266112660092CB5F /* Release */ = {
			isa = XCBuildConfiguration;
			buildSettings = {
				ALWAYS_SEARCH_USER_PATHS = NO;
				CLANG_ANALYZER_NONNULL = YES;
				CLANG_ANALYZER_NUMBER_OBJECT_CONVERSION = YES_AGGRESSIVE;
				CLANG_CXX_LANGUAGE_STANDARD = "gnu++14";
				CLANG_CXX_LIBRARY = "libc++";
				CLANG_ENABLE_MODULES = YES;
				CLANG_ENABLE_OBJC_ARC = YES;
				CLANG_ENABLE_OBJC_WEAK = YES;
				CLANG_WARN_BLOCK_CAPTURE_AUTORELEASING = YES;
				CLANG_WARN_BOOL_CONVERSION = YES;
				CLANG_WARN_COMMA = YES;
				CLANG_WARN_CONSTANT_CONVERSION = YES;
				CLANG_WARN_DEPRECATED_OBJC_IMPLEMENTATIONS = YES;
				CLANG_WARN_DIRECT_OBJC_ISA_USAGE = YES_ERROR;
				CLANG_WARN_DOCUMENTATION_COMMENTS = YES;
				CLANG_WARN_EMPTY_BODY = YES;
				CLANG_WARN_ENUM_CONVERSION = YES;
				CLANG_WARN_INFINITE_RECURSION = YES;
				CLANG_WARN_INT_CONVERSION = YES;
				CLANG_WARN_NON_LITERAL_NULL_CONVERSION = YES;
				CLANG_WARN_OBJC_IMPLICIT_RETAIN_SELF = YES;
				CLANG_WARN_OBJC_LITERAL_CONVERSION = YES;
				CLANG_WARN_OBJC_ROOT_CLASS = YES_ERROR;
				CLANG_WARN_QUOTED_INCLUDE_IN_FRAMEWORK_HEADER = YES;
				CLANG_WARN_RANGE_LOOP_ANALYSIS = YES;
				CLANG_WARN_STRICT_PROTOTYPES = YES;
				CLANG_WARN_SUSPICIOUS_MOVE = YES;
				CLANG_WARN_UNGUARDED_AVAILABILITY = YES_AGGRESSIVE;
				CLANG_WARN_UNREACHABLE_CODE = YES;
				CLANG_WARN__DUPLICATE_METHOD_MATCH = YES;
				COPY_PHASE_STRIP = NO;
				DEBUG_INFORMATION_FORMAT = "dwarf-with-dsym";
				ENABLE_NS_ASSERTIONS = NO;
				ENABLE_STRICT_OBJC_MSGSEND = YES;
				GCC_C_LANGUAGE_STANDARD = gnu11;
				GCC_NO_COMMON_BLOCKS = YES;
				GCC_WARN_64_TO_32_BIT_CONVERSION = YES;
				GCC_WARN_ABOUT_RETURN_TYPE = YES_ERROR;
				GCC_WARN_UNDECLARED_SELECTOR = YES;
				GCC_WARN_UNINITIALIZED_AUTOS = YES_AGGRESSIVE;
				GCC_WARN_UNUSED_FUNCTION = YES;
				GCC_WARN_UNUSED_VARIABLE = YES;
				IPHONEOS_DEPLOYMENT_TARGET = 14.3;
				MTL_ENABLE_DEBUG_INFO = NO;
				MTL_FAST_MATH = YES;
				SDKROOT = iphoneos;
				SWIFT_COMPILATION_MODE = wholemodule;
				SWIFT_OPTIMIZATION_LEVEL = "-O";
				VALIDATE_PRODUCT = YES;
			};
			name = Release;
		};
		4CEF2A43266112660092CB5F /* Debug */ = {
			isa = XCBuildConfiguration;
			buildSettings = {
				ASSETCATALOG_COMPILER_APPICON_NAME = AppIcon;
				ASSETCATALOG_COMPILER_GLOBAL_ACCENT_COLOR_NAME = AccentColor;
				CODE_SIGN_STYLE = Automatic;
				DEVELOPMENT_ASSET_PATHS = "\"LandmarksApp/Preview Content\"";
				ENABLE_PREVIEWS = YES;
				INFOPLIST_FILE = LandmarksApp/Info.plist;
				IPHONEOS_DEPLOYMENT_TARGET = 14.0;
				LD_RUNPATH_SEARCH_PATHS = (
					"$(inherited)",
					"@executable_path/Frameworks",
				);
				PRODUCT_BUNDLE_IDENTIFIER = com.TheAvengers.LandmarksApp;
				PRODUCT_NAME = "$(TARGET_NAME)";
				SWIFT_VERSION = 5.0;
				TARGETED_DEVICE_FAMILY = "1,2";
			};
			name = Debug;
		};
		4CEF2A44266112660092CB5F /* Release */ = {
			isa = XCBuildConfiguration;
			buildSettings = {
				ASSETCATALOG_COMPILER_APPICON_NAME = AppIcon;
				ASSETCATALOG_COMPILER_GLOBAL_ACCENT_COLOR_NAME = AccentColor;
				CODE_SIGN_STYLE = Automatic;
				DEVELOPMENT_ASSET_PATHS = "\"LandmarksApp/Preview Content\"";
				ENABLE_PREVIEWS = YES;
				INFOPLIST_FILE = LandmarksApp/Info.plist;
				IPHONEOS_DEPLOYMENT_TARGET = 14.0;
				LD_RUNPATH_SEARCH_PATHS = (
					"$(inherited)",
					"@executable_path/Frameworks",
				);
				PRODUCT_BUNDLE_IDENTIFIER = com.TheAvengers.LandmarksApp;
				PRODUCT_NAME = "$(TARGET_NAME)";
				SWIFT_VERSION = 5.0;
				TARGETED_DEVICE_FAMILY = "1,2";
			};
			name = Release;
		};
/* End XCBuildConfiguration section */

/* Begin XCConfigurationList section */
		4CEF2A2E266112640092CB5F /* Build configuration list for PBXProject "LandmarksApp" */ = {
			isa = XCConfigurationList;
			buildConfigurations = (
				4CEF2A40266112660092CB5F /* Debug */,
				4CEF2A41266112660092CB5F /* Release */,
			);
			defaultConfigurationIsVisible = 0;
			defaultConfigurationName = Release;
		};
		4CEF2A42266112660092CB5F /* Build configuration list for PBXNativeTarget "LandmarksApp" */ = {
			isa = XCConfigurationList;
			buildConfigurations = (
				4CEF2A43266112660092CB5F /* Debug */,
				4CEF2A44266112660092CB5F /* Release */,
			);
			defaultConfigurationIsVisible = 0;
			defaultConfigurationName = Release;
		};
/* End XCConfigurationList section */
	};
	rootObject = 4CEF2A2B266112640092CB5F /* Project object */;
}
