// !$*UTF8*$!
{
	archiveVersion = 1;
	classes = {
	};
	objectVersion = 56;
	objects = {

/* Begin PBXBuildFile section */
		4C57E7FA2AB5D4F400ECB8CD /* SwimmingStrokesApp.swift in Sources */ = {isa = PBXBuildFile; fileRef = 4C57E7F92AB5D4F400ECB8CD /* SwimmingStrokesApp.swift */; };
		4C57E7FC2AB5D4F400ECB8CD /* ContentView.swift in Sources */ = {isa = PBXBuildFile; fileRef = 4C57E7FB2AB5D4F400ECB8CD /* ContentView.swift */; };
		4C57E7FE2AB5D4F600ECB8CD /* Assets.xcassets in Resources */ = {isa = PBXBuildFile; fileRef = 4C57E7FD2AB5D4F600ECB8CD /* Assets.xcassets */; };
		4C57E8012AB5D4F600ECB8CD /* Preview Assets.xcassets in Resources */ = {isa = PBXBuildFile; fileRef = 4C57E8002AB5D4F600ECB8CD /* Preview Assets.xcassets */; };
		4C7270402AC8326500902C0E /* HomeView.swift in Sources */ = {isa = PBXBuildFile; fileRef = 4C72703F2AC8326500902C0E /* HomeView.swift */; };
		4C80A51C2AC329CE007254C3 /* FLEX in Frameworks */ = {isa = PBXBuildFile; productRef = 4C80A51B2AC329CE007254C3 /* FLEX */; };
		4C80A51F2AC32E23007254C3 /* LibsManager.swift in Sources */ = {isa = PBXBuildFile; fileRef = 4C80A51E2AC32E23007254C3 /* LibsManager.swift */; };
		4C80A5212AC3323E007254C3 /* FlexButton.swift in Sources */ = {isa = PBXBuildFile; fileRef = 4C80A5202AC3323E007254C3 /* FlexButton.swift */; };
		4C8F0C5E2AC0808500D53336 /* SwimmingStrokesList.swift in Sources */ = {isa = PBXBuildFile; fileRef = 4C8F0C5D2AC0808500D53336 /* SwimmingStrokesList.swift */; };
		4CAFDA032AC9665D00ACACA8 /* PublicSwimmingPoolsView.swift in Sources */ = {isa = PBXBuildFile; fileRef = 4CAFDA022AC9665D00ACACA8 /* PublicSwimmingPoolsView.swift */; };
		4CAFDA052AC966F500ACACA8 /* PublicSwimmingPoolDetailView.swift in Sources */ = {isa = PBXBuildFile; fileRef = 4CAFDA042AC966F500ACACA8 /* PublicSwimmingPoolDetailView.swift */; };
		4CAFDA0B2AC9951500ACACA8 /* pools.json in Resources */ = {isa = PBXBuildFile; fileRef = 4CAFDA0A2AC9951500ACACA8 /* pools.json */; };
		4CAFDA0D2AC9A38300ACACA8 /* Helper.swift in Sources */ = {isa = PBXBuildFile; fileRef = 4CAFDA0C2AC9A38300ACACA8 /* Helper.swift */; };
		4CAFDA0F2AC9A71500ACACA8 /* Pools.swift in Sources */ = {isa = PBXBuildFile; fileRef = 4CAFDA0E2AC9A71500ACACA8 /* Pools.swift */; };
		4CAFDA112AC9B87B00ACACA8 /* FourTargetButtonView.swift in Sources */ = {isa = PBXBuildFile; fileRef = 4CAFDA102AC9B87B00ACACA8 /* FourTargetButtonView.swift */; };
		4CAFDA132AC9C17B00ACACA8 /* SettingsView.swift in Sources */ = {isa = PBXBuildFile; fileRef = 4CAFDA122AC9C17B00ACACA8 /* SettingsView.swift */; };
		4CAFDA152AC9C50000ACACA8 /* GlobalSettings.swift in Sources */ = {isa = PBXBuildFile; fileRef = 4CAFDA142AC9C50000ACACA8 /* GlobalSettings.swift */; };
/* End PBXBuildFile section */

/* Begin PBXFileReference section */
		4C57E7F62AB5D4F400ECB8CD /* SwimmingStrokes.app */ = {isa = PBXFileReference; explicitFileType = wrapper.application; includeInIndex = 0; path = SwimmingStrokes.app; sourceTree = BUILT_PRODUCTS_DIR; };
		4C57E7F92AB5D4F400ECB8CD /* SwimmingStrokesApp.swift */ = {isa = PBXFileReference; lastKnownFileType = sourcecode.swift; path = SwimmingStrokesApp.swift; sourceTree = "<group>"; };
		4C57E7FB2AB5D4F400ECB8CD /* ContentView.swift */ = {isa = PBXFileReference; lastKnownFileType = sourcecode.swift; path = ContentView.swift; sourceTree = "<group>"; };
		4C57E7FD2AB5D4F600ECB8CD /* Assets.xcassets */ = {isa = PBXFileReference; lastKnownFileType = folder.assetcatalog; path = Assets.xcassets; sourceTree = "<group>"; };
		4C57E8002AB5D4F600ECB8CD /* Preview Assets.xcassets */ = {isa = PBXFileReference; lastKnownFileType = folder.assetcatalog; path = "Preview Assets.xcassets"; sourceTree = "<group>"; };
		4C72703F2AC8326500902C0E /* HomeView.swift */ = {isa = PBXFileReference; lastKnownFileType = sourcecode.swift; path = HomeView.swift; sourceTree = "<group>"; };
		4C80A51E2AC32E23007254C3 /* LibsManager.swift */ = {isa = PBXFileReference; lastKnownFileType = sourcecode.swift; path = LibsManager.swift; sourceTree = "<group>"; };
		4C80A5202AC3323E007254C3 /* FlexButton.swift */ = {isa = PBXFileReference; lastKnownFileType = sourcecode.swift; path = FlexButton.swift; sourceTree = "<group>"; };
		4C8F0C5D2AC0808500D53336 /* SwimmingStrokesList.swift */ = {isa = PBXFileReference; lastKnownFileType = sourcecode.swift; path = SwimmingStrokesList.swift; sourceTree = "<group>"; };
		4CAFDA022AC9665D00ACACA8 /* PublicSwimmingPoolsView.swift */ = {isa = PBXFileReference; lastKnownFileType = sourcecode.swift; path = PublicSwimmingPoolsView.swift; sourceTree = "<group>"; };
		4CAFDA042AC966F500ACACA8 /* PublicSwimmingPoolDetailView.swift */ = {isa = PBXFileReference; lastKnownFileType = sourcecode.swift; path = PublicSwimmingPoolDetailView.swift; sourceTree = "<group>"; };
		4CAFDA0A2AC9951500ACACA8 /* pools.json */ = {isa = PBXFileReference; fileEncoding = 4; lastKnownFileType = text.json; path = pools.json; sourceTree = "<group>"; };
		4CAFDA0C2AC9A38300ACACA8 /* Helper.swift */ = {isa = PBXFileReference; lastKnownFileType = sourcecode.swift; path = Helper.swift; sourceTree = "<group>"; };
		4CAFDA0E2AC9A71500ACACA8 /* Pools.swift */ = {isa = PBXFileReference; lastKnownFileType = sourcecode.swift; path = Pools.swift; sourceTree = "<group>"; };
		4CAFDA102AC9B87B00ACACA8 /* FourTargetButtonView.swift */ = {isa = PBXFileReference; lastKnownFileType = sourcecode.swift; path = FourTargetButtonView.swift; sourceTree = "<group>"; };
		4CAFDA122AC9C17B00ACACA8 /* SettingsView.swift */ = {isa = PBXFileReference; lastKnownFileType = sourcecode.swift; path = SettingsView.swift; sourceTree = "<group>"; };
		4CAFDA142AC9C50000ACACA8 /* GlobalSettings.swift */ = {isa = PBXFileReference; lastKnownFileType = sourcecode.swift; path = GlobalSettings.swift; sourceTree = "<group>"; };
/* End PBXFileReference section */

/* Begin PBXFrameworksBuildPhase section */
		4C57E7F32AB5D4F400ECB8CD /* Frameworks */ = {
			isa = PBXFrameworksBuildPhase;
			buildActionMask = 2147483647;
			files = (
				4C80A51C2AC329CE007254C3 /* FLEX in Frameworks */,
			);
			runOnlyForDeploymentPostprocessing = 0;
		};
/* End PBXFrameworksBuildPhase section */

/* Begin PBXGroup section */
		4C57E7ED2AB5D4F400ECB8CD = {
			isa = PBXGroup;
			children = (
				4C57E7F82AB5D4F400ECB8CD /* SwimmingStrokes */,
				4C57E7F72AB5D4F400ECB8CD /* Products */,
			);
			sourceTree = "<group>";
		};
		4C57E7F72AB5D4F400ECB8CD /* Products */ = {
			isa = PBXGroup;
			children = (
				4C57E7F62AB5D4F400ECB8CD /* SwimmingStrokes.app */,
			);
			name = Products;
			sourceTree = "<group>";
		};
		4C57E7F82AB5D4F400ECB8CD /* SwimmingStrokes */ = {
			isa = PBXGroup;
			children = (
				4C57E7F92AB5D4F400ECB8CD /* SwimmingStrokesApp.swift */,
				4CAFDA142AC9C50000ACACA8 /* GlobalSettings.swift */,
				4C57E7FB2AB5D4F400ECB8CD /* ContentView.swift */,
				4C5A23172ACC389700C68363 /* Home */,
				4C5A231C2ACC3A5300C68363 /* List */,
				4C5A23182ACC38C800C68363 /* Maps */,
				4C5A231A2ACC395900C68363 /* Settings */,
				4C5A231B2ACC3A0F00C68363 /* Hands */,
				4C80A51D2AC32D11007254C3 /* Managers */,
				4C5A23192ACC391000C68363 /* Other */,
				4C57E7FD2AB5D4F600ECB8CD /* Assets.xcassets */,
				4C57E7FF2AB5D4F600ECB8CD /* Preview Content */,
			);
			path = SwimmingStrokes;
			sourceTree = "<group>";
		};
		4C57E7FF2AB5D4F600ECB8CD /* Preview Content */ = {
			isa = PBXGroup;
			children = (
				4C57E8002AB5D4F600ECB8CD /* Preview Assets.xcassets */,
			);
			path = "Preview Content";
			sourceTree = "<group>";
		};
		4C5A23172ACC389700C68363 /* Home */ = {
			isa = PBXGroup;
			children = (
				4C72703F2AC8326500902C0E /* HomeView.swift */,
			);
			path = Home;
			sourceTree = "<group>";
		};
		4C5A23182ACC38C800C68363 /* Maps */ = {
			isa = PBXGroup;
			children = (
				4C5A231D2ACC3DB000C68363 /* Model */,
				4C5A231F2ACC3DEA00C68363 /* View */,
				4C5A231E2ACC3DDF00C68363 /* ViewModel */,
			);
			path = Maps;
			sourceTree = "<group>";
		};
		4C5A23192ACC391000C68363 /* Other */ = {
			isa = PBXGroup;
			children = (
				4C80A5202AC3323E007254C3 /* FlexButton.swift */,
				4CAFDA0C2AC9A38300ACACA8 /* Helper.swift */,
			);
			path = Other;
			sourceTree = "<group>";
		};
		4C5A231A2ACC395900C68363 /* Settings */ = {
			isa = PBXGroup;
			children = (
				4CAFDA122AC9C17B00ACACA8 /* SettingsView.swift */,
			);
			path = Settings;
			sourceTree = "<group>";
		};
		4C5A231B2ACC3A0F00C68363 /* Hands */ = {
			isa = PBXGroup;
			children = (
				4CAFDA102AC9B87B00ACACA8 /* FourTargetButtonView.swift */,
			);
			path = Hands;
			sourceTree = "<group>";
		};
		4C5A231C2ACC3A5300C68363 /* List */ = {
			isa = PBXGroup;
			children = (
				4C8F0C5D2AC0808500D53336 /* SwimmingStrokesList.swift */,
			);
			path = List;
			sourceTree = "<group>";
		};
		4C5A231D2ACC3DB000C68363 /* Model */ = {
			isa = PBXGroup;
			children = (
				4CAFDA0A2AC9951500ACACA8 /* pools.json */,
				4CAFDA0E2AC9A71500ACACA8 /* Pools.swift */,
			);
			path = Model;
			sourceTree = "<group>";
		};
		4C5A231E2ACC3DDF00C68363 /* ViewModel */ = {
			isa = PBXGroup;
			children = (
			);
			path = ViewModel;
			sourceTree = "<group>";
		};
		4C5A231F2ACC3DEA00C68363 /* View */ = {
			isa = PBXGroup;
			children = (
				4CAFDA022AC9665D00ACACA8 /* PublicSwimmingPoolsView.swift */,
				4CAFDA042AC966F500ACACA8 /* PublicSwimmingPoolDetailView.swift */,
			);
			path = View;
			sourceTree = "<group>";
		};
		4C80A51D2AC32D11007254C3 /* Managers */ = {
			isa = PBXGroup;
			children = (
				4C80A51E2AC32E23007254C3 /* LibsManager.swift */,
			);
			path = Managers;
			sourceTree = "<group>";
		};
/* End PBXGroup section */

/* Begin PBXNativeTarget section */
		4C57E7F52AB5D4F400ECB8CD /* SwimmingStrokes */ = {
			isa = PBXNativeTarget;
			buildConfigurationList = 4C57E8042AB5D4F600ECB8CD /* Build configuration list for PBXNativeTarget "SwimmingStrokes" */;
			buildPhases = (
				4C57E7F22AB5D4F400ECB8CD /* Sources */,
				4C57E7F32AB5D4F400ECB8CD /* Frameworks */,
				4C57E7F42AB5D4F400ECB8CD /* Resources */,
			);
			buildRules = (
			);
			dependencies = (
			);
			name = SwimmingStrokes;
			packageProductDependencies = (
				4C80A51B2AC329CE007254C3 /* FLEX */,
			);
			productName = SwimmingStrokes;
			productReference = 4C57E7F62AB5D4F400ECB8CD /* SwimmingStrokes.app */;
			productType = "com.apple.product-type.application";
		};
/* End PBXNativeTarget section */

/* Begin PBXProject section */
		4C57E7EE2AB5D4F400ECB8CD /* Project object */ = {
			isa = PBXProject;
			attributes = {
				BuildIndependentTargetsInParallel = 1;
				LastSwiftUpdateCheck = 1430;
				LastUpgradeCheck = 1430;
				TargetAttributes = {
					4C57E7F52AB5D4F400ECB8CD = {
						CreatedOnToolsVersion = 14.3.1;
					};
				};
			};
			buildConfigurationList = 4C57E7F12AB5D4F400ECB8CD /* Build configuration list for PBXProject "SwimmingStrokes" */;
			compatibilityVersion = "Xcode 14.0";
			developmentRegion = en;
			hasScannedForEncodings = 0;
			knownRegions = (
				en,
				Base,
			);
			mainGroup = 4C57E7ED2AB5D4F400ECB8CD;
			packageReferences = (
				4C80A51A2AC329CE007254C3 /* XCRemoteSwiftPackageReference "FLEX" */,
			);
			productRefGroup = 4C57E7F72AB5D4F400ECB8CD /* Products */;
			projectDirPath = "";
			projectRoot = "";
			targets = (
				4C57E7F52AB5D4F400ECB8CD /* SwimmingStrokes */,
			);
		};
/* End PBXProject section */

/* Begin PBXResourcesBuildPhase section */
		4C57E7F42AB5D4F400ECB8CD /* Resources */ = {
			isa = PBXResourcesBuildPhase;
			buildActionMask = 2147483647;
			files = (
				4C57E8012AB5D4F600ECB8CD /* Preview Assets.xcassets in Resources */,
				4CAFDA0B2AC9951500ACACA8 /* pools.json in Resources */,
				4C57E7FE2AB5D4F600ECB8CD /* Assets.xcassets in Resources */,
			);
			runOnlyForDeploymentPostprocessing = 0;
		};
/* End PBXResourcesBuildPhase section */

/* Begin PBXSourcesBuildPhase section */
		4C57E7F22AB5D4F400ECB8CD /* Sources */ = {
			isa = PBXSourcesBuildPhase;
			buildActionMask = 2147483647;
			files = (
				4CAFDA152AC9C50000ACACA8 /* GlobalSettings.swift in Sources */,
				4C8F0C5E2AC0808500D53336 /* SwimmingStrokesList.swift in Sources */,
				4C80A51F2AC32E23007254C3 /* LibsManager.swift in Sources */,
				4CAFDA112AC9B87B00ACACA8 /* FourTargetButtonView.swift in Sources */,
				4CAFDA032AC9665D00ACACA8 /* PublicSwimmingPoolsView.swift in Sources */,
				4CAFDA052AC966F500ACACA8 /* PublicSwimmingPoolDetailView.swift in Sources */,
				4C57E7FC2AB5D4F400ECB8CD /* ContentView.swift in Sources */,
				4CAFDA0D2AC9A38300ACACA8 /* Helper.swift in Sources */,
				4C7270402AC8326500902C0E /* HomeView.swift in Sources */,
				4C57E7FA2AB5D4F400ECB8CD /* SwimmingStrokesApp.swift in Sources */,
				4CAFDA132AC9C17B00ACACA8 /* SettingsView.swift in Sources */,
				4C80A5212AC3323E007254C3 /* FlexButton.swift in Sources */,
				4CAFDA0F2AC9A71500ACACA8 /* Pools.swift in Sources */,
			);
			runOnlyForDeploymentPostprocessing = 0;
		};
/* End PBXSourcesBuildPhase section */

/* Begin XCBuildConfiguration section */
		4C57E8022AB5D4F600ECB8CD /* Debug */ = {
			isa = XCBuildConfiguration;
			buildSettings = {
				ALWAYS_SEARCH_USER_PATHS = NO;
				CLANG_ANALYZER_NONNULL = YES;
				CLANG_ANALYZER_NUMBER_OBJECT_CONVERSION = YES_AGGRESSIVE;
				CLANG_CXX_LANGUAGE_STANDARD = "gnu++20";
				CLANG_ENABLE_MODULES = YES;
				CLANG_ENABLE_OBJC_ARC = YES;
				CLANG_ENABLE_OBJC_WEAK = YES;
				CLANG_WARN_BLOCK_CAPTURE_AUTORELEASING = YES;
				CLANG_WARN_BOOL_CONVERSION = YES;
				CLANG_WARN_COMMA = YES;
				CLANG_WARN_CONSTANT_CONVERSION = YES;
				CLANG_WARN_DEPRECATED_OBJC_IMPLEMENTATIONS = YES;
				CLANG_WARN_DIRECT_OBJC_ISA_USAGE = YES_ERROR;
				CLANG_WARN_DOCUMENTATION_COMMENTS = YES;
				CLANG_WARN_EMPTY_BODY = YES;
				CLANG_WARN_ENUM_CONVERSION = YES;
				CLANG_WARN_INFINITE_RECURSION = YES;
				CLANG_WARN_INT_CONVERSION = YES;
				CLANG_WARN_NON_LITERAL_NULL_CONVERSION = YES;
				CLANG_WARN_OBJC_IMPLICIT_RETAIN_SELF = YES;
				CLANG_WARN_OBJC_LITERAL_CONVERSION = YES;
				CLANG_WARN_OBJC_ROOT_CLASS = YES_ERROR;
				CLANG_WARN_QUOTED_INCLUDE_IN_FRAMEWORK_HEADER = YES;
				CLANG_WARN_RANGE_LOOP_ANALYSIS = YES;
				CLANG_WARN_STRICT_PROTOTYPES = YES;
				CLANG_WARN_SUSPICIOUS_MOVE = YES;
				CLANG_WARN_UNGUARDED_AVAILABILITY = YES_AGGRESSIVE;
				CLANG_WARN_UNREACHABLE_CODE = YES;
				CLANG_WARN__DUPLICATE_METHOD_MATCH = YES;
				COPY_PHASE_STRIP = NO;
				DEBUG_INFORMATION_FORMAT = dwarf;
				ENABLE_STRICT_OBJC_MSGSEND = YES;
				ENABLE_TESTABILITY = YES;
				GCC_C_LANGUAGE_STANDARD = gnu11;
				GCC_DYNAMIC_NO_PIC = NO;
				GCC_NO_COMMON_BLOCKS = YES;
				GCC_OPTIMIZATION_LEVEL = 0;
				GCC_PREPROCESSOR_DEFINITIONS = (
					"DEBUG=1",
					"$(inherited)",
				);
				GCC_WARN_64_TO_32_BIT_CONVERSION = YES;
				GCC_WARN_ABOUT_RETURN_TYPE = YES_ERROR;
				GCC_WARN_UNDECLARED_SELECTOR = YES;
				GCC_WARN_UNINITIALIZED_AUTOS = YES_AGGRESSIVE;
				GCC_WARN_UNUSED_FUNCTION = YES;
				GCC_WARN_UNUSED_VARIABLE = YES;
				IPHONEOS_DEPLOYMENT_TARGET = 16.4;
				MTL_ENABLE_DEBUG_INFO = INCLUDE_SOURCE;
				MTL_FAST_MATH = YES;
				ONLY_ACTIVE_ARCH = YES;
				SDKROOT = iphoneos;
				SWIFT_ACTIVE_COMPILATION_CONDITIONS = DEBUG;
				SWIFT_OPTIMIZATION_LEVEL = "-Onone";
			};
			name = Debug;
		};
		4C57E8032AB5D4F600ECB8CD /* Release */ = {
			isa = XCBuildConfiguration;
			buildSettings = {
				ALWAYS_SEARCH_USER_PATHS = NO;
				CLANG_ANALYZER_NONNULL = YES;
				CLANG_ANALYZER_NUMBER_OBJECT_CONVERSION = YES_AGGRESSIVE;
				CLANG_CXX_LANGUAGE_STANDARD = "gnu++20";
				CLANG_ENABLE_MODULES = YES;
				CLANG_ENABLE_OBJC_ARC = YES;
				CLANG_ENABLE_OBJC_WEAK = YES;
				CLANG_WARN_BLOCK_CAPTURE_AUTORELEASING = YES;
				CLANG_WARN_BOOL_CONVERSION = YES;
				CLANG_WARN_COMMA = YES;
				CLANG_WARN_CONSTANT_CONVERSION = YES;
				CLANG_WARN_DEPRECATED_OBJC_IMPLEMENTATIONS = YES;
				CLANG_WARN_DIRECT_OBJC_ISA_USAGE = YES_ERROR;
				CLANG_WARN_DOCUMENTATION_COMMENTS = YES;
				CLANG_WARN_EMPTY_BODY = YES;
				CLANG_WARN_ENUM_CONVERSION = YES;
				CLANG_WARN_INFINITE_RECURSION = YES;
				CLANG_WARN_INT_CONVERSION = YES;
				CLANG_WARN_NON_LITERAL_NULL_CONVERSION = YES;
				CLANG_WARN_OBJC_IMPLICIT_RETAIN_SELF = YES;
				CLANG_WARN_OBJC_LITERAL_CONVERSION = YES;
				CLANG_WARN_OBJC_ROOT_CLASS = YES_ERROR;
				CLANG_WARN_QUOTED_INCLUDE_IN_FRAMEWORK_HEADER = YES;
				CLANG_WARN_RANGE_LOOP_ANALYSIS = YES;
				CLANG_WARN_STRICT_PROTOTYPES = YES;
				CLANG_WARN_SUSPICIOUS_MOVE = YES;
				CLANG_WARN_UNGUARDED_AVAILABILITY = YES_AGGRESSIVE;
				CLANG_WARN_UNREACHABLE_CODE = YES;
				CLANG_WARN__DUPLICATE_METHOD_MATCH = YES;
				COPY_PHASE_STRIP = NO;
				DEBUG_INFORMATION_FORMAT = "dwarf-with-dsym";
				ENABLE_NS_ASSERTIONS = NO;
				ENABLE_STRICT_OBJC_MSGSEND = YES;
				GCC_C_LANGUAGE_STANDARD = gnu11;
				GCC_NO_COMMON_BLOCKS = YES;
				GCC_WARN_64_TO_32_BIT_CONVERSION = YES;
				GCC_WARN_ABOUT_RETURN_TYPE = YES_ERROR;
				GCC_WARN_UNDECLARED_SELECTOR = YES;
				GCC_WARN_UNINITIALIZED_AUTOS = YES_AGGRESSIVE;
				GCC_WARN_UNUSED_FUNCTION = YES;
				GCC_WARN_UNUSED_VARIABLE = YES;
				IPHONEOS_DEPLOYMENT_TARGET = 16.4;
				MTL_ENABLE_DEBUG_INFO = NO;
				MTL_FAST_MATH = YES;
				SDKROOT = iphoneos;
				SWIFT_COMPILATION_MODE = wholemodule;
				SWIFT_OPTIMIZATION_LEVEL = "-O";
				VALIDATE_PRODUCT = YES;
			};
			name = Release;
		};
		4C57E8052AB5D4F600ECB8CD /* Debug */ = {
			isa = XCBuildConfiguration;
			buildSettings = {
				ASSETCATALOG_COMPILER_APPICON_NAME = AppIcon;
				ASSETCATALOG_COMPILER_GLOBAL_ACCENT_COLOR_NAME = AccentColor;
				CODE_SIGN_STYLE = Automatic;
				CURRENT_PROJECT_VERSION = 1;
				DEVELOPMENT_ASSET_PATHS = "\"SwimmingStrokes/Preview Content\"";
				ENABLE_PREVIEWS = YES;
				GENERATE_INFOPLIST_FILE = YES;
				INFOPLIST_KEY_UIApplicationSceneManifest_Generation = YES;
				INFOPLIST_KEY_UIApplicationSupportsIndirectInputEvents = YES;
				INFOPLIST_KEY_UILaunchScreen_Generation = YES;
				INFOPLIST_KEY_UISupportedInterfaceOrientations_iPad = "UIInterfaceOrientationPortrait UIInterfaceOrientationPortraitUpsideDown UIInterfaceOrientationLandscapeLeft UIInterfaceOrientationLandscapeRight";
				INFOPLIST_KEY_UISupportedInterfaceOrientations_iPhone = "UIInterfaceOrientationPortrait UIInterfaceOrientationLandscapeLeft UIInterfaceOrientationLandscapeRight";
				LD_RUNPATH_SEARCH_PATHS = (
					"$(inherited)",
					"@executable_path/Frameworks",
				);
				MARKETING_VERSION = 1.0;
				PRODUCT_BUNDLE_IDENTIFIER = com.waterboys.SwimmingStrokes;
				PRODUCT_NAME = "$(TARGET_NAME)";
				SWIFT_EMIT_LOC_STRINGS = YES;
				SWIFT_VERSION = 5.0;
				TARGETED_DEVICE_FAMILY = "1,2";
			};
			name = Debug;
		};
		4C57E8062AB5D4F600ECB8CD /* Release */ = {
			isa = XCBuildConfiguration;
			buildSettings = {
				ASSETCATALOG_COMPILER_APPICON_NAME = AppIcon;
				ASSETCATALOG_COMPILER_GLOBAL_ACCENT_COLOR_NAME = AccentColor;
				CODE_SIGN_STYLE = Automatic;
				CURRENT_PROJECT_VERSION = 1;
				DEVELOPMENT_ASSET_PATHS = "\"SwimmingStrokes/Preview Content\"";
				ENABLE_PREVIEWS = YES;
				GENERATE_INFOPLIST_FILE = YES;
				INFOPLIST_KEY_UIApplicationSceneManifest_Generation = YES;
				INFOPLIST_KEY_UIApplicationSupportsIndirectInputEvents = YES;
				INFOPLIST_KEY_UILaunchScreen_Generation = YES;
				INFOPLIST_KEY_UISupportedInterfaceOrientations_iPad = "UIInterfaceOrientationPortrait UIInterfaceOrientationPortraitUpsideDown UIInterfaceOrientationLandscapeLeft UIInterfaceOrientationLandscapeRight";
				INFOPLIST_KEY_UISupportedInterfaceOrientations_iPhone = "UIInterfaceOrientationPortrait UIInterfaceOrientationLandscapeLeft UIInterfaceOrientationLandscapeRight";
				LD_RUNPATH_SEARCH_PATHS = (
					"$(inherited)",
					"@executable_path/Frameworks",
				);
				MARKETING_VERSION = 1.0;
				PRODUCT_BUNDLE_IDENTIFIER = com.waterboys.SwimmingStrokes;
				PRODUCT_NAME = "$(TARGET_NAME)";
				SWIFT_EMIT_LOC_STRINGS = YES;
				SWIFT_VERSION = 5.0;
				TARGETED_DEVICE_FAMILY = "1,2";
			};
			name = Release;
		};
/* End XCBuildConfiguration section */

/* Begin XCConfigurationList section */
		4C57E7F12AB5D4F400ECB8CD /* Build configuration list for PBXProject "SwimmingStrokes" */ = {
			isa = XCConfigurationList;
			buildConfigurations = (
				4C57E8022AB5D4F600ECB8CD /* Debug */,
				4C57E8032AB5D4F600ECB8CD /* Release */,
			);
			defaultConfigurationIsVisible = 0;
			defaultConfigurationName = Release;
		};
		4C57E8042AB5D4F600ECB8CD /* Build configuration list for PBXNativeTarget "SwimmingStrokes" */ = {
			isa = XCConfigurationList;
			buildConfigurations = (
				4C57E8052AB5D4F600ECB8CD /* Debug */,
				4C57E8062AB5D4F600ECB8CD /* Release */,
			);
			defaultConfigurationIsVisible = 0;
			defaultConfigurationName = Release;
		};
/* End XCConfigurationList section */

/* Begin XCRemoteSwiftPackageReference section */
		4C80A51A2AC329CE007254C3 /* XCRemoteSwiftPackageReference "FLEX" */ = {
			isa = XCRemoteSwiftPackageReference;
			repositoryURL = "https://github.com/FLEXTool/FLEX.git";
			requirement = {
				kind = upToNextMajorVersion;
				minimumVersion = 5.22.10;
			};
		};
/* End XCRemoteSwiftPackageReference section */

/* Begin XCSwiftPackageProductDependency section */
		4C80A51B2AC329CE007254C3 /* FLEX */ = {
			isa = XCSwiftPackageProductDependency;
			package = 4C80A51A2AC329CE007254C3 /* XCRemoteSwiftPackageReference "FLEX" */;
			productName = FLEX;
		};
/* End XCSwiftPackageProductDependency section */
	};
	rootObject = 4C57E7EE2AB5D4F400ECB8CD /* Project object */;
}
