// !$*UTF8*$!
{
	archiveVersion = 1;
	classes = {
	};
	objectVersion = 50;
	objects = {

/* Begin PBXBuildFile section */
		4C5DCC5C2625D2FF00DAA7E6 /* FeedViewController.swift in Sources */ = {isa = PBXBuildFile; fileRef = 4C5DCC5B2625D2FF00DAA7E6 /* FeedViewController.swift */; };
		4C5F9D1226248FD9000840D9 /* AppDelegate.swift in Sources */ = {isa = PBXBuildFile; fileRef = 4C5F9D1126248FD9000840D9 /* AppDelegate.swift */; };
		4C5F9D1426248FD9000840D9 /* SceneDelegate.swift in Sources */ = {isa = PBXBuildFile; fileRef = 4C5F9D1326248FD9000840D9 /* SceneDelegate.swift */; };
		4C5F9D1626248FD9000840D9 /* ContentView.swift in Sources */ = {isa = PBXBuildFile; fileRef = 4C5F9D1526248FD9000840D9 /* ContentView.swift */; };
		4C5F9D1826248FDA000840D9 /* Assets.xcassets in Resources */ = {isa = PBXBuildFile; fileRef = 4C5F9D1726248FDA000840D9 /* Assets.xcassets */; };
		4C5F9D1B26248FDA000840D9 /* Preview Assets.xcassets in Resources */ = {isa = PBXBuildFile; fileRef = 4C5F9D1A26248FDA000840D9 /* Preview Assets.xcassets */; };
		4C5F9D1E26248FDA000840D9 /* LaunchScreen.storyboard in Resources */ = {isa = PBXBuildFile; fileRef = 4C5F9D1C26248FDA000840D9 /* LaunchScreen.storyboard */; };
		4C5F9D2926248FDB000840D9 /* SingletonTests.swift in Sources */ = {isa = PBXBuildFile; fileRef = 4C5F9D2826248FDB000840D9 /* SingletonTests.swift */; };
		4C5F9D3426248FDB000840D9 /* SingletonUITests.swift in Sources */ = {isa = PBXBuildFile; fileRef = 4C5F9D3326248FDB000840D9 /* SingletonUITests.swift */; };
		4C5F9D4526249005000840D9 /* Singleton.swift in Sources */ = {isa = PBXBuildFile; fileRef = 4C5F9D4426249005000840D9 /* Singleton.swift */; };
/* End PBXBuildFile section */

/* Begin PBXContainerItemProxy section */
		4C5F9D2526248FDB000840D9 /* PBXContainerItemProxy */ = {
			isa = PBXContainerItemProxy;
			containerPortal = 4C5F9D0626248FD8000840D9 /* Project object */;
			proxyType = 1;
			remoteGlobalIDString = 4C5F9D0D26248FD8000840D9;
			remoteInfo = Singleton;
		};
		4C5F9D3026248FDB000840D9 /* PBXContainerItemProxy */ = {
			isa = PBXContainerItemProxy;
			containerPortal = 4C5F9D0626248FD8000840D9 /* Project object */;
			proxyType = 1;
			remoteGlobalIDString = 4C5F9D0D26248FD8000840D9;
			remoteInfo = Singleton;
		};
/* End PBXContainerItemProxy section */

/* Begin PBXFileReference section */
		4C5DCC5B2625D2FF00DAA7E6 /* FeedViewController.swift */ = {isa = PBXFileReference; lastKnownFileType = sourcecode.swift; path = FeedViewController.swift; sourceTree = "<group>"; };
		4C5F9D0E26248FD9000840D9 /* Singleton.app */ = {isa = PBXFileReference; explicitFileType = wrapper.application; includeInIndex = 0; path = Singleton.app; sourceTree = BUILT_PRODUCTS_DIR; };
		4C5F9D1126248FD9000840D9 /* AppDelegate.swift */ = {isa = PBXFileReference; lastKnownFileType = sourcecode.swift; path = AppDelegate.swift; sourceTree = "<group>"; };
		4C5F9D1326248FD9000840D9 /* SceneDelegate.swift */ = {isa = PBXFileReference; lastKnownFileType = sourcecode.swift; path = SceneDelegate.swift; sourceTree = "<group>"; };
		4C5F9D1526248FD9000840D9 /* ContentView.swift */ = {isa = PBXFileReference; lastKnownFileType = sourcecode.swift; path = ContentView.swift; sourceTree = "<group>"; };
		4C5F9D1726248FDA000840D9 /* Assets.xcassets */ = {isa = PBXFileReference; lastKnownFileType = folder.assetcatalog; path = Assets.xcassets; sourceTree = "<group>"; };
		4C5F9D1A26248FDA000840D9 /* Preview Assets.xcassets */ = {isa = PBXFileReference; lastKnownFileType = folder.assetcatalog; path = "Preview Assets.xcassets"; sourceTree = "<group>"; };
		4C5F9D1D26248FDA000840D9 /* Base */ = {isa = PBXFileReference; lastKnownFileType = file.storyboard; name = Base; path = Base.lproj/LaunchScreen.storyboard; sourceTree = "<group>"; };
		4C5F9D1F26248FDA000840D9 /* Info.plist */ = {isa = PBXFileReference; lastKnownFileType = text.plist.xml; path = Info.plist; sourceTree = "<group>"; };
		4C5F9D2426248FDB000840D9 /* SingletonTests.xctest */ = {isa = PBXFileReference; explicitFileType = wrapper.cfbundle; includeInIndex = 0; path = SingletonTests.xctest; sourceTree = BUILT_PRODUCTS_DIR; };
		4C5F9D2826248FDB000840D9 /* SingletonTests.swift */ = {isa = PBXFileReference; lastKnownFileType = sourcecode.swift; path = SingletonTests.swift; sourceTree = "<group>"; };
		4C5F9D2A26248FDB000840D9 /* Info.plist */ = {isa = PBXFileReference; lastKnownFileType = text.plist.xml; path = Info.plist; sourceTree = "<group>"; };
		4C5F9D2F26248FDB000840D9 /* SingletonUITests.xctest */ = {isa = PBXFileReference; explicitFileType = wrapper.cfbundle; includeInIndex = 0; path = SingletonUITests.xctest; sourceTree = BUILT_PRODUCTS_DIR; };
		4C5F9D3326248FDB000840D9 /* SingletonUITests.swift */ = {isa = PBXFileReference; lastKnownFileType = sourcecode.swift; path = SingletonUITests.swift; sourceTree = "<group>"; };
		4C5F9D3526248FDB000840D9 /* Info.plist */ = {isa = PBXFileReference; lastKnownFileType = text.plist.xml; path = Info.plist; sourceTree = "<group>"; };
		4C5F9D4426249005000840D9 /* Singleton.swift */ = {isa = PBXFileReference; lastKnownFileType = sourcecode.swift; path = Singleton.swift; sourceTree = "<group>"; };
/* End PBXFileReference section */

/* Begin PBXFrameworksBuildPhase section */
		4C5F9D0B26248FD8000840D9 /* Frameworks */ = {
			isa = PBXFrameworksBuildPhase;
			buildActionMask = 2147483647;
			files = (
			);
			runOnlyForDeploymentPostprocessing = 0;
		};
		4C5F9D2126248FDB000840D9 /* Frameworks */ = {
			isa = PBXFrameworksBuildPhase;
			buildActionMask = 2147483647;
			files = (
			);
			runOnlyForDeploymentPostprocessing = 0;
		};
		4C5F9D2C26248FDB000840D9 /* Frameworks */ = {
			isa = PBXFrameworksBuildPhase;
			buildActionMask = 2147483647;
			files = (
			);
			runOnlyForDeploymentPostprocessing = 0;
		};
/* End PBXFrameworksBuildPhase section */

/* Begin PBXGroup section */
		4C5F9D0526248FD8000840D9 = {
			isa = PBXGroup;
			children = (
				4C5F9D1026248FD9000840D9 /* Singleton */,
				4C5F9D2726248FDB000840D9 /* SingletonTests */,
				4C5F9D3226248FDB000840D9 /* SingletonUITests */,
				4C5F9D0F26248FD9000840D9 /* Products */,
			);
			sourceTree = "<group>";
		};
		4C5F9D0F26248FD9000840D9 /* Products */ = {
			isa = PBXGroup;
			children = (
				4C5F9D0E26248FD9000840D9 /* Singleton.app */,
				4C5F9D2426248FDB000840D9 /* SingletonTests.xctest */,
				4C5F9D2F26248FDB000840D9 /* SingletonUITests.xctest */,
			);
			name = Products;
			sourceTree = "<group>";
		};
		4C5F9D1026248FD9000840D9 /* Singleton */ = {
			isa = PBXGroup;
			children = (
				4C5F9D1126248FD9000840D9 /* AppDelegate.swift */,
				4C5F9D1326248FD9000840D9 /* SceneDelegate.swift */,
				4C5F9D1526248FD9000840D9 /* ContentView.swift */,
				4C5F9D1726248FDA000840D9 /* Assets.xcassets */,
				4C5F9D1C26248FDA000840D9 /* LaunchScreen.storyboard */,
				4C5F9D1F26248FDA000840D9 /* Info.plist */,
				4C5F9D1926248FDA000840D9 /* Preview Content */,
				4C5F9D4426249005000840D9 /* Singleton.swift */,
				4C5DCC5B2625D2FF00DAA7E6 /* FeedViewController.swift */,
			);
			path = Singleton;
			sourceTree = "<group>";
		};
		4C5F9D1926248FDA000840D9 /* Preview Content */ = {
			isa = PBXGroup;
			children = (
				4C5F9D1A26248FDA000840D9 /* Preview Assets.xcassets */,
			);
			path = "Preview Content";
			sourceTree = "<group>";
		};
		4C5F9D2726248FDB000840D9 /* SingletonTests */ = {
			isa = PBXGroup;
			children = (
				4C5F9D2826248FDB000840D9 /* SingletonTests.swift */,
				4C5F9D2A26248FDB000840D9 /* Info.plist */,
			);
			path = SingletonTests;
			sourceTree = "<group>";
		};
		4C5F9D3226248FDB000840D9 /* SingletonUITests */ = {
			isa = PBXGroup;
			children = (
				4C5F9D3326248FDB000840D9 /* SingletonUITests.swift */,
				4C5F9D3526248FDB000840D9 /* Info.plist */,
			);
			path = SingletonUITests;
			sourceTree = "<group>";
		};
/* End PBXGroup section */

/* Begin PBXNativeTarget section */
		4C5F9D0D26248FD8000840D9 /* Singleton */ = {
			isa = PBXNativeTarget;
			buildConfigurationList = 4C5F9D3826248FDB000840D9 /* Build configuration list for PBXNativeTarget "Singleton" */;
			buildPhases = (
				4C5F9D0A26248FD8000840D9 /* Sources */,
				4C5F9D0B26248FD8000840D9 /* Frameworks */,
				4C5F9D0C26248FD8000840D9 /* Resources */,
			);
			buildRules = (
			);
			dependencies = (
			);
			name = Singleton;
			productName = Singleton;
			productReference = 4C5F9D0E26248FD9000840D9 /* Singleton.app */;
			productType = "com.apple.product-type.application";
		};
		4C5F9D2326248FDB000840D9 /* SingletonTests */ = {
			isa = PBXNativeTarget;
			buildConfigurationList = 4C5F9D3B26248FDB000840D9 /* Build configuration list for PBXNativeTarget "SingletonTests" */;
			buildPhases = (
				4C5F9D2026248FDB000840D9 /* Sources */,
				4C5F9D2126248FDB000840D9 /* Frameworks */,
				4C5F9D2226248FDB000840D9 /* Resources */,
			);
			buildRules = (
			);
			dependencies = (
				4C5F9D2626248FDB000840D9 /* PBXTargetDependency */,
			);
			name = SingletonTests;
			productName = SingletonTests;
			productReference = 4C5F9D2426248FDB000840D9 /* SingletonTests.xctest */;
			productType = "com.apple.product-type.bundle.unit-test";
		};
		4C5F9D2E26248FDB000840D9 /* SingletonUITests */ = {
			isa = PBXNativeTarget;
			buildConfigurationList = 4C5F9D3E26248FDB000840D9 /* Build configuration list for PBXNativeTarget "SingletonUITests" */;
			buildPhases = (
				4C5F9D2B26248FDB000840D9 /* Sources */,
				4C5F9D2C26248FDB000840D9 /* Frameworks */,
				4C5F9D2D26248FDB000840D9 /* Resources */,
			);
			buildRules = (
			);
			dependencies = (
				4C5F9D3126248FDB000840D9 /* PBXTargetDependency */,
			);
			name = SingletonUITests;
			productName = SingletonUITests;
			productReference = 4C5F9D2F26248FDB000840D9 /* SingletonUITests.xctest */;
			productType = "com.apple.product-type.bundle.ui-testing";
		};
/* End PBXNativeTarget section */

/* Begin PBXProject section */
		4C5F9D0626248FD8000840D9 /* Project object */ = {
			isa = PBXProject;
			attributes = {
				LastSwiftUpdateCheck = 1230;
				LastUpgradeCheck = 1230;
				TargetAttributes = {
					4C5F9D0D26248FD8000840D9 = {
						CreatedOnToolsVersion = 12.3;
					};
					4C5F9D2326248FDB000840D9 = {
						CreatedOnToolsVersion = 12.3;
						TestTargetID = 4C5F9D0D26248FD8000840D9;
					};
					4C5F9D2E26248FDB000840D9 = {
						CreatedOnToolsVersion = 12.3;
						TestTargetID = 4C5F9D0D26248FD8000840D9;
					};
				};
			};
			buildConfigurationList = 4C5F9D0926248FD8000840D9 /* Build configuration list for PBXProject "Singleton" */;
			compatibilityVersion = "Xcode 9.3";
			developmentRegion = en;
			hasScannedForEncodings = 0;
			knownRegions = (
				en,
				Base,
			);
			mainGroup = 4C5F9D0526248FD8000840D9;
			productRefGroup = 4C5F9D0F26248FD9000840D9 /* Products */;
			projectDirPath = "";
			projectRoot = "";
			targets = (
				4C5F9D0D26248FD8000840D9 /* Singleton */,
				4C5F9D2326248FDB000840D9 /* SingletonTests */,
				4C5F9D2E26248FDB000840D9 /* SingletonUITests */,
			);
		};
/* End PBXProject section */

/* Begin PBXResourcesBuildPhase section */
		4C5F9D0C26248FD8000840D9 /* Resources */ = {
			isa = PBXResourcesBuildPhase;
			buildActionMask = 2147483647;
			files = (
				4C5F9D1E26248FDA000840D9 /* LaunchScreen.storyboard in Resources */,
				4C5F9D1B26248FDA000840D9 /* Preview Assets.xcassets in Resources */,
				4C5F9D1826248FDA000840D9 /* Assets.xcassets in Resources */,
			);
			runOnlyForDeploymentPostprocessing = 0;
		};
		4C5F9D2226248FDB000840D9 /* Resources */ = {
			isa = PBXResourcesBuildPhase;
			buildActionMask = 2147483647;
			files = (
			);
			runOnlyForDeploymentPostprocessing = 0;
		};
		4C5F9D2D26248FDB000840D9 /* Resources */ = {
			isa = PBXResourcesBuildPhase;
			buildActionMask = 2147483647;
			files = (
			);
			runOnlyForDeploymentPostprocessing = 0;
		};
/* End PBXResourcesBuildPhase section */

/* Begin PBXSourcesBuildPhase section */
		4C5F9D0A26248FD8000840D9 /* Sources */ = {
			isa = PBXSourcesBuildPhase;
			buildActionMask = 2147483647;
			files = (
				4C5F9D1226248FD9000840D9 /* AppDelegate.swift in Sources */,
				4C5F9D4526249005000840D9 /* Singleton.swift in Sources */,
				4C5DCC5C2625D2FF00DAA7E6 /* FeedViewController.swift in Sources */,
				4C5F9D1426248FD9000840D9 /* SceneDelegate.swift in Sources */,
				4C5F9D1626248FD9000840D9 /* ContentView.swift in Sources */,
			);
			runOnlyForDeploymentPostprocessing = 0;
		};
		4C5F9D2026248FDB000840D9 /* Sources */ = {
			isa = PBXSourcesBuildPhase;
			buildActionMask = 2147483647;
			files = (
				4C5F9D2926248FDB000840D9 /* SingletonTests.swift in Sources */,
			);
			runOnlyForDeploymentPostprocessing = 0;
		};
		4C5F9D2B26248FDB000840D9 /* Sources */ = {
			isa = PBXSourcesBuildPhase;
			buildActionMask = 2147483647;
			files = (
				4C5F9D3426248FDB000840D9 /* SingletonUITests.swift in Sources */,
			);
			runOnlyForDeploymentPostprocessing = 0;
		};
/* End PBXSourcesBuildPhase section */

/* Begin PBXTargetDependency section */
		4C5F9D2626248FDB000840D9 /* PBXTargetDependency */ = {
			isa = PBXTargetDependency;
			target = 4C5F9D0D26248FD8000840D9 /* Singleton */;
			targetProxy = 4C5F9D2526248FDB000840D9 /* PBXContainerItemProxy */;
		};
		4C5F9D3126248FDB000840D9 /* PBXTargetDependency */ = {
			isa = PBXTargetDependency;
			target = 4C5F9D0D26248FD8000840D9 /* Singleton */;
			targetProxy = 4C5F9D3026248FDB000840D9 /* PBXContainerItemProxy */;
		};
/* End PBXTargetDependency section */

/* Begin PBXVariantGroup section */
		4C5F9D1C26248FDA000840D9 /* LaunchScreen.storyboard */ = {
			isa = PBXVariantGroup;
			children = (
				4C5F9D1D26248FDA000840D9 /* Base */,
			);
			name = LaunchScreen.storyboard;
			sourceTree = "<group>";
		};
/* End PBXVariantGroup section */

/* Begin XCBuildConfiguration section */
		4C5F9D3626248FDB000840D9 /* Debug */ = {
			isa = XCBuildConfiguration;
			buildSettings = {
				ALWAYS_SEARCH_USER_PATHS = NO;
				CLANG_ANALYZER_NONNULL = YES;
				CLANG_ANALYZER_NUMBER_OBJECT_CONVERSION = YES_AGGRESSIVE;
				CLANG_CXX_LANGUAGE_STANDARD = "gnu++14";
				CLANG_CXX_LIBRARY = "libc++";
				CLANG_ENABLE_MODULES = YES;
				CLANG_ENABLE_OBJC_ARC = YES;
				CLANG_ENABLE_OBJC_WEAK = YES;
				CLANG_WARN_BLOCK_CAPTURE_AUTORELEASING = YES;
				CLANG_WARN_BOOL_CONVERSION = YES;
				CLANG_WARN_COMMA = YES;
				CLANG_WARN_CONSTANT_CONVERSION = YES;
				CLANG_WARN_DEPRECATED_OBJC_IMPLEMENTATIONS = YES;
				CLANG_WARN_DIRECT_OBJC_ISA_USAGE = YES_ERROR;
				CLANG_WARN_DOCUMENTATION_COMMENTS = YES;
				CLANG_WARN_EMPTY_BODY = YES;
				CLANG_WARN_ENUM_CONVERSION = YES;
				CLANG_WARN_INFINITE_RECURSION = YES;
				CLANG_WARN_INT_CONVERSION = YES;
				CLANG_WARN_NON_LITERAL_NULL_CONVERSION = YES;
				CLANG_WARN_OBJC_IMPLICIT_RETAIN_SELF = YES;
				CLANG_WARN_OBJC_LITERAL_CONVERSION = YES;
				CLANG_WARN_OBJC_ROOT_CLASS = YES_ERROR;
				CLANG_WARN_QUOTED_INCLUDE_IN_FRAMEWORK_HEADER = YES;
				CLANG_WARN_RANGE_LOOP_ANALYSIS = YES;
				CLANG_WARN_STRICT_PROTOTYPES = YES;
				CLANG_WARN_SUSPICIOUS_MOVE = YES;
				CLANG_WARN_UNGUARDED_AVAILABILITY = YES_AGGRESSIVE;
				CLANG_WARN_UNREACHABLE_CODE = YES;
				CLANG_WARN__DUPLICATE_METHOD_MATCH = YES;
				COPY_PHASE_STRIP = NO;
				DEBUG_INFORMATION_FORMAT = dwarf;
				ENABLE_STRICT_OBJC_MSGSEND = YES;
				ENABLE_TESTABILITY = YES;
				GCC_C_LANGUAGE_STANDARD = gnu11;
				GCC_DYNAMIC_NO_PIC = NO;
				GCC_NO_COMMON_BLOCKS = YES;
				GCC_OPTIMIZATION_LEVEL = 0;
				GCC_PREPROCESSOR_DEFINITIONS = (
					"DEBUG=1",
					"$(inherited)",
				);
				GCC_WARN_64_TO_32_BIT_CONVERSION = YES;
				GCC_WARN_ABOUT_RETURN_TYPE = YES_ERROR;
				GCC_WARN_UNDECLARED_SELECTOR = YES;
				GCC_WARN_UNINITIALIZED_AUTOS = YES_AGGRESSIVE;
				GCC_WARN_UNUSED_FUNCTION = YES;
				GCC_WARN_UNUSED_VARIABLE = YES;
				IPHONEOS_DEPLOYMENT_TARGET = 14.3;
				MTL_ENABLE_DEBUG_INFO = INCLUDE_SOURCE;
				MTL_FAST_MATH = YES;
				ONLY_ACTIVE_ARCH = YES;
				SDKROOT = iphoneos;
				SWIFT_ACTIVE_COMPILATION_CONDITIONS = DEBUG;
				SWIFT_OPTIMIZATION_LEVEL = "-Onone";
			};
			name = Debug;
		};
		4C5F9D3726248FDB000840D9 /* Release */ = {
			isa = XCBuildConfiguration;
			buildSettings = {
				ALWAYS_SEARCH_USER_PATHS = NO;
				CLANG_ANALYZER_NONNULL = YES;
				CLANG_ANALYZER_NUMBER_OBJECT_CONVERSION = YES_AGGRESSIVE;
				CLANG_CXX_LANGUAGE_STANDARD = "gnu++14";
				CLANG_CXX_LIBRARY = "libc++";
				CLANG_ENABLE_MODULES = YES;
				CLANG_ENABLE_OBJC_ARC = YES;
				CLANG_ENABLE_OBJC_WEAK = YES;
				CLANG_WARN_BLOCK_CAPTURE_AUTORELEASING = YES;
				CLANG_WARN_BOOL_CONVERSION = YES;
				CLANG_WARN_COMMA = YES;
				CLANG_WARN_CONSTANT_CONVERSION = YES;
				CLANG_WARN_DEPRECATED_OBJC_IMPLEMENTATIONS = YES;
				CLANG_WARN_DIRECT_OBJC_ISA_USAGE = YES_ERROR;
				CLANG_WARN_DOCUMENTATION_COMMENTS = YES;
				CLANG_WARN_EMPTY_BODY = YES;
				CLANG_WARN_ENUM_CONVERSION = YES;
				CLANG_WARN_INFINITE_RECURSION = YES;
				CLANG_WARN_INT_CONVERSION = YES;
				CLANG_WARN_NON_LITERAL_NULL_CONVERSION = YES;
				CLANG_WARN_OBJC_IMPLICIT_RETAIN_SELF = YES;
				CLANG_WARN_OBJC_LITERAL_CONVERSION = YES;
				CLANG_WARN_OBJC_ROOT_CLASS = YES_ERROR;
				CLANG_WARN_QUOTED_INCLUDE_IN_FRAMEWORK_HEADER = YES;
				CLANG_WARN_RANGE_LOOP_ANALYSIS = YES;
				CLANG_WARN_STRICT_PROTOTYPES = YES;
				CLANG_WARN_SUSPICIOUS_MOVE = YES;
				CLANG_WARN_UNGUARDED_AVAILABILITY = YES_AGGRESSIVE;
				CLANG_WARN_UNREACHABLE_CODE = YES;
				CLANG_WARN__DUPLICATE_METHOD_MATCH = YES;
				COPY_PHASE_STRIP = NO;
				DEBUG_INFORMATION_FORMAT = "dwarf-with-dsym";
				ENABLE_NS_ASSERTIONS = NO;
				ENABLE_STRICT_OBJC_MSGSEND = YES;
				GCC_C_LANGUAGE_STANDARD = gnu11;
				GCC_NO_COMMON_BLOCKS = YES;
				GCC_WARN_64_TO_32_BIT_CONVERSION = YES;
				GCC_WARN_ABOUT_RETURN_TYPE = YES_ERROR;
				GCC_WARN_UNDECLARED_SELECTOR = YES;
				GCC_WARN_UNINITIALIZED_AUTOS = YES_AGGRESSIVE;
				GCC_WARN_UNUSED_FUNCTION = YES;
				GCC_WARN_UNUSED_VARIABLE = YES;
				IPHONEOS_DEPLOYMENT_TARGET = 14.3;
				MTL_ENABLE_DEBUG_INFO = NO;
				MTL_FAST_MATH = YES;
				SDKROOT = iphoneos;
				SWIFT_COMPILATION_MODE = wholemodule;
				SWIFT_OPTIMIZATION_LEVEL = "-O";
				VALIDATE_PRODUCT = YES;
			};
			name = Release;
		};
		4C5F9D3926248FDB000840D9 /* Debug */ = {
			isa = XCBuildConfiguration;
			buildSettings = {
				ASSETCATALOG_COMPILER_APPICON_NAME = AppIcon;
				ASSETCATALOG_COMPILER_GLOBAL_ACCENT_COLOR_NAME = AccentColor;
				CODE_SIGN_STYLE = Automatic;
				DEVELOPMENT_ASSET_PATHS = "\"Singleton/Preview Content\"";
				ENABLE_PREVIEWS = YES;
				INFOPLIST_FILE = Singleton/Info.plist;
				LD_RUNPATH_SEARCH_PATHS = (
					"$(inherited)",
					"@executable_path/Frameworks",
				);
				PRODUCT_BUNDLE_IDENTIFIER = com.TheAvengers.Singleton;
				PRODUCT_NAME = "$(TARGET_NAME)";
				SWIFT_VERSION = 5.0;
				TARGETED_DEVICE_FAMILY = "1,2";
			};
			name = Debug;
		};
		4C5F9D3A26248FDB000840D9 /* Release */ = {
			isa = XCBuildConfiguration;
			buildSettings = {
				ASSETCATALOG_COMPILER_APPICON_NAME = AppIcon;
				ASSETCATALOG_COMPILER_GLOBAL_ACCENT_COLOR_NAME = AccentColor;
				CODE_SIGN_STYLE = Automatic;
				DEVELOPMENT_ASSET_PATHS = "\"Singleton/Preview Content\"";
				ENABLE_PREVIEWS = YES;
				INFOPLIST_FILE = Singleton/Info.plist;
				LD_RUNPATH_SEARCH_PATHS = (
					"$(inherited)",
					"@executable_path/Frameworks",
				);
				PRODUCT_BUNDLE_IDENTIFIER = com.TheAvengers.Singleton;
				PRODUCT_NAME = "$(TARGET_NAME)";
				SWIFT_VERSION = 5.0;
				TARGETED_DEVICE_FAMILY = "1,2";
			};
			name = Release;
		};
		4C5F9D3C26248FDB000840D9 /* Debug */ = {
			isa = XCBuildConfiguration;
			buildSettings = {
				ALWAYS_EMBED_SWIFT_STANDARD_LIBRARIES = YES;
				BUNDLE_LOADER = "$(TEST_HOST)";
				CODE_SIGN_STYLE = Automatic;
				INFOPLIST_FILE = SingletonTests/Info.plist;
				IPHONEOS_DEPLOYMENT_TARGET = 14.3;
				LD_RUNPATH_SEARCH_PATHS = (
					"$(inherited)",
					"@executable_path/Frameworks",
					"@loader_path/Frameworks",
				);
				PRODUCT_BUNDLE_IDENTIFIER = com.TheAvengers.SingletonTests;
				PRODUCT_NAME = "$(TARGET_NAME)";
				SWIFT_VERSION = 5.0;
				TARGETED_DEVICE_FAMILY = "1,2";
				TEST_HOST = "$(BUILT_PRODUCTS_DIR)/Singleton.app/Singleton";
			};
			name = Debug;
		};
		4C5F9D3D26248FDB000840D9 /* Release */ = {
			isa = XCBuildConfiguration;
			buildSettings = {
				ALWAYS_EMBED_SWIFT_STANDARD_LIBRARIES = YES;
				BUNDLE_LOADER = "$(TEST_HOST)";
				CODE_SIGN_STYLE = Automatic;
				INFOPLIST_FILE = SingletonTests/Info.plist;
				IPHONEOS_DEPLOYMENT_TARGET = 14.3;
				LD_RUNPATH_SEARCH_PATHS = (
					"$(inherited)",
					"@executable_path/Frameworks",
					"@loader_path/Frameworks",
				);
				PRODUCT_BUNDLE_IDENTIFIER = com.TheAvengers.SingletonTests;
				PRODUCT_NAME = "$(TARGET_NAME)";
				SWIFT_VERSION = 5.0;
				TARGETED_DEVICE_FAMILY = "1,2";
				TEST_HOST = "$(BUILT_PRODUCTS_DIR)/Singleton.app/Singleton";
			};
			name = Release;
		};
		4C5F9D3F26248FDB000840D9 /* Debug */ = {
			isa = XCBuildConfiguration;
			buildSettings = {
				ALWAYS_EMBED_SWIFT_STANDARD_LIBRARIES = YES;
				CODE_SIGN_STYLE = Automatic;
				INFOPLIST_FILE = SingletonUITests/Info.plist;
				LD_RUNPATH_SEARCH_PATHS = (
					"$(inherited)",
					"@executable_path/Frameworks",
					"@loader_path/Frameworks",
				);
				PRODUCT_BUNDLE_IDENTIFIER = com.TheAvengers.SingletonUITests;
				PRODUCT_NAME = "$(TARGET_NAME)";
				SWIFT_VERSION = 5.0;
				TARGETED_DEVICE_FAMILY = "1,2";
				TEST_TARGET_NAME = Singleton;
			};
			name = Debug;
		};
		4C5F9D4026248FDB000840D9 /* Release */ = {
			isa = XCBuildConfiguration;
			buildSettings = {
				ALWAYS_EMBED_SWIFT_STANDARD_LIBRARIES = YES;
				CODE_SIGN_STYLE = Automatic;
				INFOPLIST_FILE = SingletonUITests/Info.plist;
				LD_RUNPATH_SEARCH_PATHS = (
					"$(inherited)",
					"@executable_path/Frameworks",
					"@loader_path/Frameworks",
				);
				PRODUCT_BUNDLE_IDENTIFIER = com.TheAvengers.SingletonUITests;
				PRODUCT_NAME = "$(TARGET_NAME)";
				SWIFT_VERSION = 5.0;
				TARGETED_DEVICE_FAMILY = "1,2";
				TEST_TARGET_NAME = Singleton;
			};
			name = Release;
		};
/* End XCBuildConfiguration section */

/* Begin XCConfigurationList section */
		4C5F9D0926248FD8000840D9 /* Build configuration list for PBXProject "Singleton" */ = {
			isa = XCConfigurationList;
			buildConfigurations = (
				4C5F9D3626248FDB000840D9 /* Debug */,
				4C5F9D3726248FDB000840D9 /* Release */,
			);
			defaultConfigurationIsVisible = 0;
			defaultConfigurationName = Release;
		};
		4C5F9D3826248FDB000840D9 /* Build configuration list for PBXNativeTarget "Singleton" */ = {
			isa = XCConfigurationList;
			buildConfigurations = (
				4C5F9D3926248FDB000840D9 /* Debug */,
				4C5F9D3A26248FDB000840D9 /* Release */,
			);
			defaultConfigurationIsVisible = 0;
			defaultConfigurationName = Release;
		};
		4C5F9D3B26248FDB000840D9 /* Build configuration list for PBXNativeTarget "SingletonTests" */ = {
			isa = XCConfigurationList;
			buildConfigurations = (
				4C5F9D3C26248FDB000840D9 /* Debug */,
				4C5F9D3D26248FDB000840D9 /* Release */,
			);
			defaultConfigurationIsVisible = 0;
			defaultConfigurationName = Release;
		};
		4C5F9D3E26248FDB000840D9 /* Build configuration list for PBXNativeTarget "SingletonUITests" */ = {
			isa = XCConfigurationList;
			buildConfigurations = (
				4C5F9D3F26248FDB000840D9 /* Debug */,
				4C5F9D4026248FDB000840D9 /* Release */,
			);
			defaultConfigurationIsVisible = 0;
			defaultConfigurationName = Release;
		};
/* End XCConfigurationList section */
	};
	rootObject = 4C5F9D0626248FD8000840D9 /* Project object */;
}
