// !$*UTF8*$!
{
	archiveVersion = 1;
	classes = {
	};
	objectVersion = 50;
	objects = {

/* Begin PBXBuildFile section */
		4C83E6A4256FEE8F0028A96B /* AppDelegate.swift in Sources */ = {isa = PBXBuildFile; fileRef = 4C83E6A3256FEE8F0028A96B /* AppDelegate.swift */; };
		4C83E6A6256FEE8F0028A96B /* SceneDelegate.swift in Sources */ = {isa = PBXBuildFile; fileRef = 4C83E6A5256FEE8F0028A96B /* SceneDelegate.swift */; };
		4C83E6A8256FEE8F0028A96B /* SelfieListViewController.swift in Sources */ = {isa = PBXBuildFile; fileRef = 4C83E6A7256FEE8F0028A96B /* SelfieListViewController.swift */; };
		4C83E6AA256FEE8F0028A96B /* SelfieDetailViewController.swift in Sources */ = {isa = PBXBuildFile; fileRef = 4C83E6A9256FEE8F0028A96B /* SelfieDetailViewController.swift */; };
		4C83E6AD256FEE8F0028A96B /* Main.storyboard in Resources */ = {isa = PBXBuildFile; fileRef = 4C83E6AB256FEE8F0028A96B /* Main.storyboard */; };
		4C83E6AF256FEE940028A96B /* Assets.xcassets in Resources */ = {isa = PBXBuildFile; fileRef = 4C83E6AE256FEE940028A96B /* Assets.xcassets */; };
		4C83E6B2256FEE940028A96B /* LaunchScreen.storyboard in Resources */ = {isa = PBXBuildFile; fileRef = 4C83E6B0256FEE940028A96B /* LaunchScreen.storyboard */; };
		4C83E6BD256FEE940028A96B /* SelfiegramTests.swift in Sources */ = {isa = PBXBuildFile; fileRef = 4C83E6BC256FEE940028A96B /* SelfiegramTests.swift */; };
		4C83E6C8256FEE940028A96B /* SelfiegramUITests.swift in Sources */ = {isa = PBXBuildFile; fileRef = 4C83E6C7256FEE940028A96B /* SelfiegramUITests.swift */; };
		4C83E6D6256FF1BE0028A96B /* SelfieStore.swift in Sources */ = {isa = PBXBuildFile; fileRef = 4C83E6D5256FF1BE0028A96B /* SelfieStore.swift */; };
		4C83E6D8256FFDF50028A96B /* SelfieStoreTest.swift in Sources */ = {isa = PBXBuildFile; fileRef = 4C83E6D7256FFDF50028A96B /* SelfieStoreTest.swift */; };
/* End PBXBuildFile section */

/* Begin PBXContainerItemProxy section */
		4C83E6B9256FEE940028A96B /* PBXContainerItemProxy */ = {
			isa = PBXContainerItemProxy;
			containerPortal = 4C83E698256FEE8F0028A96B /* Project object */;
			proxyType = 1;
			remoteGlobalIDString = 4C83E69F256FEE8F0028A96B;
			remoteInfo = Selfiegram;
		};
		4C83E6C4256FEE940028A96B /* PBXContainerItemProxy */ = {
			isa = PBXContainerItemProxy;
			containerPortal = 4C83E698256FEE8F0028A96B /* Project object */;
			proxyType = 1;
			remoteGlobalIDString = 4C83E69F256FEE8F0028A96B;
			remoteInfo = Selfiegram;
		};
/* End PBXContainerItemProxy section */

/* Begin PBXFileReference section */
		4C83E6A0256FEE8F0028A96B /* Selfiegram.app */ = {isa = PBXFileReference; explicitFileType = wrapper.application; includeInIndex = 0; path = Selfiegram.app; sourceTree = BUILT_PRODUCTS_DIR; };
		4C83E6A3256FEE8F0028A96B /* AppDelegate.swift */ = {isa = PBXFileReference; lastKnownFileType = sourcecode.swift; path = AppDelegate.swift; sourceTree = "<group>"; };
		4C83E6A5256FEE8F0028A96B /* SceneDelegate.swift */ = {isa = PBXFileReference; lastKnownFileType = sourcecode.swift; path = SceneDelegate.swift; sourceTree = "<group>"; };
		4C83E6A7256FEE8F0028A96B /* SelfieListViewController.swift */ = {isa = PBXFileReference; lastKnownFileType = sourcecode.swift; path = SelfieListViewController.swift; sourceTree = "<group>"; };
		4C83E6A9256FEE8F0028A96B /* SelfieDetailViewController.swift */ = {isa = PBXFileReference; lastKnownFileType = sourcecode.swift; path = SelfieDetailViewController.swift; sourceTree = "<group>"; };
		4C83E6AC256FEE8F0028A96B /* Base */ = {isa = PBXFileReference; lastKnownFileType = file.storyboard; name = Base; path = Base.lproj/Main.storyboard; sourceTree = "<group>"; };
		4C83E6AE256FEE940028A96B /* Assets.xcassets */ = {isa = PBXFileReference; lastKnownFileType = folder.assetcatalog; path = Assets.xcassets; sourceTree = "<group>"; };
		4C83E6B1256FEE940028A96B /* Base */ = {isa = PBXFileReference; lastKnownFileType = file.storyboard; name = Base; path = Base.lproj/LaunchScreen.storyboard; sourceTree = "<group>"; };
		4C83E6B3256FEE940028A96B /* Info.plist */ = {isa = PBXFileReference; lastKnownFileType = text.plist.xml; path = Info.plist; sourceTree = "<group>"; };
		4C83E6B8256FEE940028A96B /* SelfiegramTests.xctest */ = {isa = PBXFileReference; explicitFileType = wrapper.cfbundle; includeInIndex = 0; path = SelfiegramTests.xctest; sourceTree = BUILT_PRODUCTS_DIR; };
		4C83E6BC256FEE940028A96B /* SelfiegramTests.swift */ = {isa = PBXFileReference; lastKnownFileType = sourcecode.swift; path = SelfiegramTests.swift; sourceTree = "<group>"; };
		4C83E6BE256FEE940028A96B /* Info.plist */ = {isa = PBXFileReference; lastKnownFileType = text.plist.xml; path = Info.plist; sourceTree = "<group>"; };
		4C83E6C3256FEE940028A96B /* SelfiegramUITests.xctest */ = {isa = PBXFileReference; explicitFileType = wrapper.cfbundle; includeInIndex = 0; path = SelfiegramUITests.xctest; sourceTree = BUILT_PRODUCTS_DIR; };
		4C83E6C7256FEE940028A96B /* SelfiegramUITests.swift */ = {isa = PBXFileReference; lastKnownFileType = sourcecode.swift; path = SelfiegramUITests.swift; sourceTree = "<group>"; };
		4C83E6C9256FEE940028A96B /* Info.plist */ = {isa = PBXFileReference; lastKnownFileType = text.plist.xml; path = Info.plist; sourceTree = "<group>"; };
		4C83E6D5256FF1BE0028A96B /* SelfieStore.swift */ = {isa = PBXFileReference; lastKnownFileType = sourcecode.swift; path = SelfieStore.swift; sourceTree = "<group>"; };
		4C83E6D7256FFDF50028A96B /* SelfieStoreTest.swift */ = {isa = PBXFileReference; lastKnownFileType = sourcecode.swift; path = SelfieStoreTest.swift; sourceTree = "<group>"; };
/* End PBXFileReference section */

/* Begin PBXFrameworksBuildPhase section */
		4C83E69D256FEE8F0028A96B /* Frameworks */ = {
			isa = PBXFrameworksBuildPhase;
			buildActionMask = 2147483647;
			files = (
			);
			runOnlyForDeploymentPostprocessing = 0;
		};
		4C83E6B5256FEE940028A96B /* Frameworks */ = {
			isa = PBXFrameworksBuildPhase;
			buildActionMask = 2147483647;
			files = (
			);
			runOnlyForDeploymentPostprocessing = 0;
		};
		4C83E6C0256FEE940028A96B /* Frameworks */ = {
			isa = PBXFrameworksBuildPhase;
			buildActionMask = 2147483647;
			files = (
			);
			runOnlyForDeploymentPostprocessing = 0;
		};
/* End PBXFrameworksBuildPhase section */

/* Begin PBXGroup section */
		4C83E697256FEE8F0028A96B = {
			isa = PBXGroup;
			children = (
				4C83E6A2256FEE8F0028A96B /* Selfiegram */,
				4C83E6BB256FEE940028A96B /* SelfiegramTests */,
				4C83E6C6256FEE940028A96B /* SelfiegramUITests */,
				4C83E6A1256FEE8F0028A96B /* Products */,
			);
			sourceTree = "<group>";
		};
		4C83E6A1256FEE8F0028A96B /* Products */ = {
			isa = PBXGroup;
			children = (
				4C83E6A0256FEE8F0028A96B /* Selfiegram.app */,
				4C83E6B8256FEE940028A96B /* SelfiegramTests.xctest */,
				4C83E6C3256FEE940028A96B /* SelfiegramUITests.xctest */,
			);
			name = Products;
			sourceTree = "<group>";
		};
		4C83E6A2256FEE8F0028A96B /* Selfiegram */ = {
			isa = PBXGroup;
			children = (
				4C83E6A3256FEE8F0028A96B /* AppDelegate.swift */,
				4C83E6A5256FEE8F0028A96B /* SceneDelegate.swift */,
				4C83E6A7256FEE8F0028A96B /* SelfieListViewController.swift */,
				4C83E6A9256FEE8F0028A96B /* SelfieDetailViewController.swift */,
				4C83E6AB256FEE8F0028A96B /* Main.storyboard */,
				4C83E6AE256FEE940028A96B /* Assets.xcassets */,
				4C83E6B0256FEE940028A96B /* LaunchScreen.storyboard */,
				4C83E6B3256FEE940028A96B /* Info.plist */,
				4C83E6D5256FF1BE0028A96B /* SelfieStore.swift */,
			);
			path = Selfiegram;
			sourceTree = "<group>";
		};
		4C83E6BB256FEE940028A96B /* SelfiegramTests */ = {
			isa = PBXGroup;
			children = (
				4C83E6BC256FEE940028A96B /* SelfiegramTests.swift */,
				4C83E6BE256FEE940028A96B /* Info.plist */,
				4C83E6D7256FFDF50028A96B /* SelfieStoreTest.swift */,
			);
			path = SelfiegramTests;
			sourceTree = "<group>";
		};
		4C83E6C6256FEE940028A96B /* SelfiegramUITests */ = {
			isa = PBXGroup;
			children = (
				4C83E6C7256FEE940028A96B /* SelfiegramUITests.swift */,
				4C83E6C9256FEE940028A96B /* Info.plist */,
			);
			path = SelfiegramUITests;
			sourceTree = "<group>";
		};
/* End PBXGroup section */

/* Begin PBXNativeTarget section */
		4C83E69F256FEE8F0028A96B /* Selfiegram */ = {
			isa = PBXNativeTarget;
			buildConfigurationList = 4C83E6CC256FEE940028A96B /* Build configuration list for PBXNativeTarget "Selfiegram" */;
			buildPhases = (
				4C83E69C256FEE8F0028A96B /* Sources */,
				4C83E69D256FEE8F0028A96B /* Frameworks */,
				4C83E69E256FEE8F0028A96B /* Resources */,
			);
			buildRules = (
			);
			dependencies = (
			);
			name = Selfiegram;
			productName = Selfiegram;
			productReference = 4C83E6A0256FEE8F0028A96B /* Selfiegram.app */;
			productType = "com.apple.product-type.application";
		};
		4C83E6B7256FEE940028A96B /* SelfiegramTests */ = {
			isa = PBXNativeTarget;
			buildConfigurationList = 4C83E6CF256FEE940028A96B /* Build configuration list for PBXNativeTarget "SelfiegramTests" */;
			buildPhases = (
				4C83E6B4256FEE940028A96B /* Sources */,
				4C83E6B5256FEE940028A96B /* Frameworks */,
				4C83E6B6256FEE940028A96B /* Resources */,
			);
			buildRules = (
			);
			dependencies = (
				4C83E6BA256FEE940028A96B /* PBXTargetDependency */,
			);
			name = SelfiegramTests;
			productName = SelfiegramTests;
			productReference = 4C83E6B8256FEE940028A96B /* SelfiegramTests.xctest */;
			productType = "com.apple.product-type.bundle.unit-test";
		};
		4C83E6C2256FEE940028A96B /* SelfiegramUITests */ = {
			isa = PBXNativeTarget;
			buildConfigurationList = 4C83E6D2256FEE940028A96B /* Build configuration list for PBXNativeTarget "SelfiegramUITests" */;
			buildPhases = (
				4C83E6BF256FEE940028A96B /* Sources */,
				4C83E6C0256FEE940028A96B /* Frameworks */,
				4C83E6C1256FEE940028A96B /* Resources */,
			);
			buildRules = (
			);
			dependencies = (
				4C83E6C5256FEE940028A96B /* PBXTargetDependency */,
			);
			name = SelfiegramUITests;
			productName = SelfiegramUITests;
			productReference = 4C83E6C3256FEE940028A96B /* SelfiegramUITests.xctest */;
			productType = "com.apple.product-type.bundle.ui-testing";
		};
/* End PBXNativeTarget section */

/* Begin PBXProject section */
		4C83E698256FEE8F0028A96B /* Project object */ = {
			isa = PBXProject;
			attributes = {
				LastSwiftUpdateCheck = 1150;
				LastUpgradeCheck = 1150;
				ORGANIZATIONNAME = TheAvengers;
				TargetAttributes = {
					4C83E69F256FEE8F0028A96B = {
						CreatedOnToolsVersion = 11.5;
					};
					4C83E6B7256FEE940028A96B = {
						CreatedOnToolsVersion = 11.5;
						TestTargetID = 4C83E69F256FEE8F0028A96B;
					};
					4C83E6C2256FEE940028A96B = {
						CreatedOnToolsVersion = 11.5;
						TestTargetID = 4C83E69F256FEE8F0028A96B;
					};
				};
			};
			buildConfigurationList = 4C83E69B256FEE8F0028A96B /* Build configuration list for PBXProject "Selfiegram" */;
			compatibilityVersion = "Xcode 9.3";
			developmentRegion = en;
			hasScannedForEncodings = 0;
			knownRegions = (
				en,
				Base,
			);
			mainGroup = 4C83E697256FEE8F0028A96B;
			productRefGroup = 4C83E6A1256FEE8F0028A96B /* Products */;
			projectDirPath = "";
			projectRoot = "";
			targets = (
				4C83E69F256FEE8F0028A96B /* Selfiegram */,
				4C83E6B7256FEE940028A96B /* SelfiegramTests */,
				4C83E6C2256FEE940028A96B /* SelfiegramUITests */,
			);
		};
/* End PBXProject section */

/* Begin PBXResourcesBuildPhase section */
		4C83E69E256FEE8F0028A96B /* Resources */ = {
			isa = PBXResourcesBuildPhase;
			buildActionMask = 2147483647;
			files = (
				4C83E6B2256FEE940028A96B /* LaunchScreen.storyboard in Resources */,
				4C83E6AF256FEE940028A96B /* Assets.xcassets in Resources */,
				4C83E6AD256FEE8F0028A96B /* Main.storyboard in Resources */,
			);
			runOnlyForDeploymentPostprocessing = 0;
		};
		4C83E6B6256FEE940028A96B /* Resources */ = {
			isa = PBXResourcesBuildPhase;
			buildActionMask = 2147483647;
			files = (
			);
			runOnlyForDeploymentPostprocessing = 0;
		};
		4C83E6C1256FEE940028A96B /* Resources */ = {
			isa = PBXResourcesBuildPhase;
			buildActionMask = 2147483647;
			files = (
			);
			runOnlyForDeploymentPostprocessing = 0;
		};
/* End PBXResourcesBuildPhase section */

/* Begin PBXSourcesBuildPhase section */
		4C83E69C256FEE8F0028A96B /* Sources */ = {
			isa = PBXSourcesBuildPhase;
			buildActionMask = 2147483647;
			files = (
				4C83E6A4256FEE8F0028A96B /* AppDelegate.swift in Sources */,
				4C83E6D6256FF1BE0028A96B /* SelfieStore.swift in Sources */,
				4C83E6A6256FEE8F0028A96B /* SceneDelegate.swift in Sources */,
				4C83E6A8256FEE8F0028A96B /* SelfieListViewController.swift in Sources */,
				4C83E6AA256FEE8F0028A96B /* SelfieDetailViewController.swift in Sources */,
			);
			runOnlyForDeploymentPostprocessing = 0;
		};
		4C83E6B4256FEE940028A96B /* Sources */ = {
			isa = PBXSourcesBuildPhase;
			buildActionMask = 2147483647;
			files = (
				4C83E6BD256FEE940028A96B /* SelfiegramTests.swift in Sources */,
				4C83E6D8256FFDF50028A96B /* SelfieStoreTest.swift in Sources */,
			);
			runOnlyForDeploymentPostprocessing = 0;
		};
		4C83E6BF256FEE940028A96B /* Sources */ = {
			isa = PBXSourcesBuildPhase;
			buildActionMask = 2147483647;
			files = (
				4C83E6C8256FEE940028A96B /* SelfiegramUITests.swift in Sources */,
			);
			runOnlyForDeploymentPostprocessing = 0;
		};
/* End PBXSourcesBuildPhase section */

/* Begin PBXTargetDependency section */
		4C83E6BA256FEE940028A96B /* PBXTargetDependency */ = {
			isa = PBXTargetDependency;
			target = 4C83E69F256FEE8F0028A96B /* Selfiegram */;
			targetProxy = 4C83E6B9256FEE940028A96B /* PBXContainerItemProxy */;
		};
		4C83E6C5256FEE940028A96B /* PBXTargetDependency */ = {
			isa = PBXTargetDependency;
			target = 4C83E69F256FEE8F0028A96B /* Selfiegram */;
			targetProxy = 4C83E6C4256FEE940028A96B /* PBXContainerItemProxy */;
		};
/* End PBXTargetDependency section */

/* Begin PBXVariantGroup section */
		4C83E6AB256FEE8F0028A96B /* Main.storyboard */ = {
			isa = PBXVariantGroup;
			children = (
				4C83E6AC256FEE8F0028A96B /* Base */,
			);
			name = Main.storyboard;
			sourceTree = "<group>";
		};
		4C83E6B0256FEE940028A96B /* LaunchScreen.storyboard */ = {
			isa = PBXVariantGroup;
			children = (
				4C83E6B1256FEE940028A96B /* Base */,
			);
			name = LaunchScreen.storyboard;
			sourceTree = "<group>";
		};
/* End PBXVariantGroup section */

/* Begin XCBuildConfiguration section */
		4C83E6CA256FEE940028A96B /* Debug */ = {
			isa = XCBuildConfiguration;
			buildSettings = {
				ALWAYS_SEARCH_USER_PATHS = NO;
				CLANG_ANALYZER_NONNULL = YES;
				CLANG_ANALYZER_NUMBER_OBJECT_CONVERSION = YES_AGGRESSIVE;
				CLANG_CXX_LANGUAGE_STANDARD = "gnu++14";
				CLANG_CXX_LIBRARY = "libc++";
				CLANG_ENABLE_MODULES = YES;
				CLANG_ENABLE_OBJC_ARC = YES;
				CLANG_ENABLE_OBJC_WEAK = YES;
				CLANG_WARN_BLOCK_CAPTURE_AUTORELEASING = YES;
				CLANG_WARN_BOOL_CONVERSION = YES;
				CLANG_WARN_COMMA = YES;
				CLANG_WARN_CONSTANT_CONVERSION = YES;
				CLANG_WARN_DEPRECATED_OBJC_IMPLEMENTATIONS = YES;
				CLANG_WARN_DIRECT_OBJC_ISA_USAGE = YES_ERROR;
				CLANG_WARN_DOCUMENTATION_COMMENTS = YES;
				CLANG_WARN_EMPTY_BODY = YES;
				CLANG_WARN_ENUM_CONVERSION = YES;
				CLANG_WARN_INFINITE_RECURSION = YES;
				CLANG_WARN_INT_CONVERSION = YES;
				CLANG_WARN_NON_LITERAL_NULL_CONVERSION = YES;
				CLANG_WARN_OBJC_IMPLICIT_RETAIN_SELF = YES;
				CLANG_WARN_OBJC_LITERAL_CONVERSION = YES;
				CLANG_WARN_OBJC_ROOT_CLASS = YES_ERROR;
				CLANG_WARN_RANGE_LOOP_ANALYSIS = YES;
				CLANG_WARN_STRICT_PROTOTYPES = YES;
				CLANG_WARN_SUSPICIOUS_MOVE = YES;
				CLANG_WARN_UNGUARDED_AVAILABILITY = YES_AGGRESSIVE;
				CLANG_WARN_UNREACHABLE_CODE = YES;
				CLANG_WARN__DUPLICATE_METHOD_MATCH = YES;
				COPY_PHASE_STRIP = NO;
				DEBUG_INFORMATION_FORMAT = dwarf;
				ENABLE_STRICT_OBJC_MSGSEND = YES;
				ENABLE_TESTABILITY = YES;
				GCC_C_LANGUAGE_STANDARD = gnu11;
				GCC_DYNAMIC_NO_PIC = NO;
				GCC_NO_COMMON_BLOCKS = YES;
				GCC_OPTIMIZATION_LEVEL = 0;
				GCC_PREPROCESSOR_DEFINITIONS = (
					"DEBUG=1",
					"$(inherited)",
				);
				GCC_WARN_64_TO_32_BIT_CONVERSION = YES;
				GCC_WARN_ABOUT_RETURN_TYPE = YES_ERROR;
				GCC_WARN_UNDECLARED_SELECTOR = YES;
				GCC_WARN_UNINITIALIZED_AUTOS = YES_AGGRESSIVE;
				GCC_WARN_UNUSED_FUNCTION = YES;
				GCC_WARN_UNUSED_VARIABLE = YES;
				IPHONEOS_DEPLOYMENT_TARGET = 13.5;
				MTL_ENABLE_DEBUG_INFO = INCLUDE_SOURCE;
				MTL_FAST_MATH = YES;
				ONLY_ACTIVE_ARCH = YES;
				SDKROOT = iphoneos;
				SWIFT_ACTIVE_COMPILATION_CONDITIONS = DEBUG;
				SWIFT_OPTIMIZATION_LEVEL = "-Onone";
			};
			name = Debug;
		};
		4C83E6CB256FEE940028A96B /* Release */ = {
			isa = XCBuildConfiguration;
			buildSettings = {
				ALWAYS_SEARCH_USER_PATHS = NO;
				CLANG_ANALYZER_NONNULL = YES;
				CLANG_ANALYZER_NUMBER_OBJECT_CONVERSION = YES_AGGRESSIVE;
				CLANG_CXX_LANGUAGE_STANDARD = "gnu++14";
				CLANG_CXX_LIBRARY = "libc++";
				CLANG_ENABLE_MODULES = YES;
				CLANG_ENABLE_OBJC_ARC = YES;
				CLANG_ENABLE_OBJC_WEAK = YES;
				CLANG_WARN_BLOCK_CAPTURE_AUTORELEASING = YES;
				CLANG_WARN_BOOL_CONVERSION = YES;
				CLANG_WARN_COMMA = YES;
				CLANG_WARN_CONSTANT_CONVERSION = YES;
				CLANG_WARN_DEPRECATED_OBJC_IMPLEMENTATIONS = YES;
				CLANG_WARN_DIRECT_OBJC_ISA_USAGE = YES_ERROR;
				CLANG_WARN_DOCUMENTATION_COMMENTS = YES;
				CLANG_WARN_EMPTY_BODY = YES;
				CLANG_WARN_ENUM_CONVERSION = YES;
				CLANG_WARN_INFINITE_RECURSION = YES;
				CLANG_WARN_INT_CONVERSION = YES;
				CLANG_WARN_NON_LITERAL_NULL_CONVERSION = YES;
				CLANG_WARN_OBJC_IMPLICIT_RETAIN_SELF = YES;
				CLANG_WARN_OBJC_LITERAL_CONVERSION = YES;
				CLANG_WARN_OBJC_ROOT_CLASS = YES_ERROR;
				CLANG_WARN_RANGE_LOOP_ANALYSIS = YES;
				CLANG_WARN_STRICT_PROTOTYPES = YES;
				CLANG_WARN_SUSPICIOUS_MOVE = YES;
				CLANG_WARN_UNGUARDED_AVAILABILITY = YES_AGGRESSIVE;
				CLANG_WARN_UNREACHABLE_CODE = YES;
				CLANG_WARN__DUPLICATE_METHOD_MATCH = YES;
				COPY_PHASE_STRIP = NO;
				DEBUG_INFORMATION_FORMAT = "dwarf-with-dsym";
				ENABLE_NS_ASSERTIONS = NO;
				ENABLE_STRICT_OBJC_MSGSEND = YES;
				GCC_C_LANGUAGE_STANDARD = gnu11;
				GCC_NO_COMMON_BLOCKS = YES;
				GCC_WARN_64_TO_32_BIT_CONVERSION = YES;
				GCC_WARN_ABOUT_RETURN_TYPE = YES_ERROR;
				GCC_WARN_UNDECLARED_SELECTOR = YES;
				GCC_WARN_UNINITIALIZED_AUTOS = YES_AGGRESSIVE;
				GCC_WARN_UNUSED_FUNCTION = YES;
				GCC_WARN_UNUSED_VARIABLE = YES;
				IPHONEOS_DEPLOYMENT_TARGET = 13.5;
				MTL_ENABLE_DEBUG_INFO = NO;
				MTL_FAST_MATH = YES;
				SDKROOT = iphoneos;
				SWIFT_COMPILATION_MODE = wholemodule;
				SWIFT_OPTIMIZATION_LEVEL = "-O";
				VALIDATE_PRODUCT = YES;
			};
			name = Release;
		};
		4C83E6CD256FEE940028A96B /* Debug */ = {
			isa = XCBuildConfiguration;
			buildSettings = {
				ASSETCATALOG_COMPILER_APPICON_NAME = AppIcon;
				CODE_SIGN_STYLE = Automatic;
				DEVELOPMENT_TEAM = 3TX5EDTP2R;
				INFOPLIST_FILE = Selfiegram/Info.plist;
				LD_RUNPATH_SEARCH_PATHS = (
					"$(inherited)",
					"@executable_path/Frameworks",
				);
				PRODUCT_BUNDLE_IDENTIFIER = com.TheAvengers.Selfiegram;
				PRODUCT_NAME = "$(TARGET_NAME)";
				SWIFT_VERSION = 5.0;
				TARGETED_DEVICE_FAMILY = "1,2";
			};
			name = Debug;
		};
		4C83E6CE256FEE940028A96B /* Release */ = {
			isa = XCBuildConfiguration;
			buildSettings = {
				ASSETCATALOG_COMPILER_APPICON_NAME = AppIcon;
				CODE_SIGN_STYLE = Automatic;
				DEVELOPMENT_TEAM = 3TX5EDTP2R;
				INFOPLIST_FILE = Selfiegram/Info.plist;
				LD_RUNPATH_SEARCH_PATHS = (
					"$(inherited)",
					"@executable_path/Frameworks",
				);
				PRODUCT_BUNDLE_IDENTIFIER = com.TheAvengers.Selfiegram;
				PRODUCT_NAME = "$(TARGET_NAME)";
				SWIFT_VERSION = 5.0;
				TARGETED_DEVICE_FAMILY = "1,2";
			};
			name = Release;
		};
		4C83E6D0256FEE940028A96B /* Debug */ = {
			isa = XCBuildConfiguration;
			buildSettings = {
				ALWAYS_EMBED_SWIFT_STANDARD_LIBRARIES = YES;
				BUNDLE_LOADER = "$(TEST_HOST)";
				CODE_SIGN_STYLE = Automatic;
				DEVELOPMENT_TEAM = 3TX5EDTP2R;
				INFOPLIST_FILE = SelfiegramTests/Info.plist;
				IPHONEOS_DEPLOYMENT_TARGET = 13.5;
				LD_RUNPATH_SEARCH_PATHS = (
					"$(inherited)",
					"@executable_path/Frameworks",
					"@loader_path/Frameworks",
				);
				PRODUCT_BUNDLE_IDENTIFIER = com.TheAvengers.SelfiegramTests;
				PRODUCT_NAME = "$(TARGET_NAME)";
				SWIFT_VERSION = 5.0;
				TARGETED_DEVICE_FAMILY = "1,2";
				TEST_HOST = "$(BUILT_PRODUCTS_DIR)/Selfiegram.app/Selfiegram";
			};
			name = Debug;
		};
		4C83E6D1256FEE940028A96B /* Release */ = {
			isa = XCBuildConfiguration;
			buildSettings = {
				ALWAYS_EMBED_SWIFT_STANDARD_LIBRARIES = YES;
				BUNDLE_LOADER = "$(TEST_HOST)";
				CODE_SIGN_STYLE = Automatic;
				DEVELOPMENT_TEAM = 3TX5EDTP2R;
				INFOPLIST_FILE = SelfiegramTests/Info.plist;
				IPHONEOS_DEPLOYMENT_TARGET = 13.5;
				LD_RUNPATH_SEARCH_PATHS = (
					"$(inherited)",
					"@executable_path/Frameworks",
					"@loader_path/Frameworks",
				);
				PRODUCT_BUNDLE_IDENTIFIER = com.TheAvengers.SelfiegramTests;
				PRODUCT_NAME = "$(TARGET_NAME)";
				SWIFT_VERSION = 5.0;
				TARGETED_DEVICE_FAMILY = "1,2";
				TEST_HOST = "$(BUILT_PRODUCTS_DIR)/Selfiegram.app/Selfiegram";
			};
			name = Release;
		};
		4C83E6D3256FEE940028A96B /* Debug */ = {
			isa = XCBuildConfiguration;
			buildSettings = {
				ALWAYS_EMBED_SWIFT_STANDARD_LIBRARIES = YES;
				CODE_SIGN_STYLE = Automatic;
				DEVELOPMENT_TEAM = 3TX5EDTP2R;
				INFOPLIST_FILE = SelfiegramUITests/Info.plist;
				LD_RUNPATH_SEARCH_PATHS = (
					"$(inherited)",
					"@executable_path/Frameworks",
					"@loader_path/Frameworks",
				);
				PRODUCT_BUNDLE_IDENTIFIER = com.TheAvengers.SelfiegramUITests;
				PRODUCT_NAME = "$(TARGET_NAME)";
				SWIFT_VERSION = 5.0;
				TARGETED_DEVICE_FAMILY = "1,2";
				TEST_TARGET_NAME = Selfiegram;
			};
			name = Debug;
		};
		4C83E6D4256FEE940028A96B /* Release */ = {
			isa = XCBuildConfiguration;
			buildSettings = {
				ALWAYS_EMBED_SWIFT_STANDARD_LIBRARIES = YES;
				CODE_SIGN_STYLE = Automatic;
				DEVELOPMENT_TEAM = 3TX5EDTP2R;
				INFOPLIST_FILE = SelfiegramUITests/Info.plist;
				LD_RUNPATH_SEARCH_PATHS = (
					"$(inherited)",
					"@executable_path/Frameworks",
					"@loader_path/Frameworks",
				);
				PRODUCT_BUNDLE_IDENTIFIER = com.TheAvengers.SelfiegramUITests;
				PRODUCT_NAME = "$(TARGET_NAME)";
				SWIFT_VERSION = 5.0;
				TARGETED_DEVICE_FAMILY = "1,2";
				TEST_TARGET_NAME = Selfiegram;
			};
			name = Release;
		};
/* End XCBuildConfiguration section */

/* Begin XCConfigurationList section */
		4C83E69B256FEE8F0028A96B /* Build configuration list for PBXProject "Selfiegram" */ = {
			isa = XCConfigurationList;
			buildConfigurations = (
				4C83E6CA256FEE940028A96B /* Debug */,
				4C83E6CB256FEE940028A96B /* Release */,
			);
			defaultConfigurationIsVisible = 0;
			defaultConfigurationName = Release;
		};
		4C83E6CC256FEE940028A96B /* Build configuration list for PBXNativeTarget "Selfiegram" */ = {
			isa = XCConfigurationList;
			buildConfigurations = (
				4C83E6CD256FEE940028A96B /* Debug */,
				4C83E6CE256FEE940028A96B /* Release */,
			);
			defaultConfigurationIsVisible = 0;
			defaultConfigurationName = Release;
		};
		4C83E6CF256FEE940028A96B /* Build configuration list for PBXNativeTarget "SelfiegramTests" */ = {
			isa = XCConfigurationList;
			buildConfigurations = (
				4C83E6D0256FEE940028A96B /* Debug */,
				4C83E6D1256FEE940028A96B /* Release */,
			);
			defaultConfigurationIsVisible = 0;
			defaultConfigurationName = Release;
		};
		4C83E6D2256FEE940028A96B /* Build configuration list for PBXNativeTarget "SelfiegramUITests" */ = {
			isa = XCConfigurationList;
			buildConfigurations = (
				4C83E6D3256FEE940028A96B /* Debug */,
				4C83E6D4256FEE940028A96B /* Release */,
			);
			defaultConfigurationIsVisible = 0;
			defaultConfigurationName = Release;
		};
/* End XCConfigurationList section */
	};
	rootObject = 4C83E698256FEE8F0028A96B /* Project object */;
}
