// !$*UTF8*$!
{
	archiveVersion = 1;
	classes = {
	};
	objectVersion = 55;
	objects = {

/* Begin PBXBuildFile section */
		4C52D07D295AB67C00B6D8B8 /* PackagesExampleApp.swift in Sources */ = {isa = PBXBuildFile; fileRef = 4C52D07C295AB67C00B6D8B8 /* PackagesExampleApp.swift */; };
		4C52D07F295AB67C00B6D8B8 /* ContentView.swift in Sources */ = {isa = PBXBuildFile; fileRef = 4C52D07E295AB67C00B6D8B8 /* ContentView.swift */; };
		4C52D081295AB67C00B6D8B8 /* Assets.xcassets in Resources */ = {isa = PBXBuildFile; fileRef = 4C52D080295AB67C00B6D8B8 /* Assets.xcassets */; };
		4C52D084295AB67C00B6D8B8 /* Preview Assets.xcassets in Resources */ = {isa = PBXBuildFile; fileRef = 4C52D083295AB67C00B6D8B8 /* Preview Assets.xcassets */; };
		4C52D094295ABD2B00B6D8B8 /* Algorithms in Frameworks */ = {isa = PBXBuildFile; productRef = 4C52D093295ABD2B00B6D8B8 /* Algorithms */; };
		4C52D09A295ACD1800B6D8B8 /* MyModels in Frameworks */ = {isa = PBXBuildFile; productRef = 4C52D099295ACD1800B6D8B8 /* MyModels */; };
		4C52D09C295ACD3000B6D8B8 /* MyViews in Frameworks */ = {isa = PBXBuildFile; productRef = 4C52D09B295ACD3000B6D8B8 /* MyViews */; };
/* End PBXBuildFile section */

/* Begin PBXFileReference section */
		4C52D07C295AB67C00B6D8B8 /* PackagesExampleApp.swift */ = {isa = PBXFileReference; lastKnownFileType = sourcecode.swift; path = PackagesExampleApp.swift; sourceTree = "<group>"; };
		4C52D07E295AB67C00B6D8B8 /* ContentView.swift */ = {isa = PBXFileReference; lastKnownFileType = sourcecode.swift; path = ContentView.swift; sourceTree = "<group>"; };
		4C52D080295AB67C00B6D8B8 /* Assets.xcassets */ = {isa = PBXFileReference; lastKnownFileType = folder.assetcatalog; path = Assets.xcassets; sourceTree = "<group>"; };
		4C52D083295AB67C00B6D8B8 /* Preview Assets.xcassets */ = {isa = PBXFileReference; lastKnownFileType = folder.assetcatalog; path = "Preview Assets.xcassets"; sourceTree = "<group>"; };
		4C52D08F295AB9EC00B6D8B8 /* PackagesExample.app */ = {isa = PBXFileReference; explicitFileType = wrapper.application; includeInIndex = 0; path = PackagesExample.app; sourceTree = BUILT_PRODUCTS_DIR; };
		4C52D097295ABE4E00B6D8B8 /* MyModels */ = {isa = PBXFileReference; lastKnownFileType = wrapper; path = MyModels; sourceTree = "<group>"; };
		4C52D098295ACCCC00B6D8B8 /* MyViews */ = {isa = PBXFileReference; lastKnownFileType = wrapper; path = MyViews; sourceTree = "<group>"; };
/* End PBXFileReference section */

/* Begin PBXFrameworksBuildPhase section */
		4C52D076295AB67C00B6D8B8 /* Frameworks */ = {
			isa = PBXFrameworksBuildPhase;
			buildActionMask = 2147483647;
			files = (
				4C52D09C295ACD3000B6D8B8 /* MyViews in Frameworks */,
				4C52D09A295ACD1800B6D8B8 /* MyModels in Frameworks */,
				4C52D094295ABD2B00B6D8B8 /* Algorithms in Frameworks */,
			);
			runOnlyForDeploymentPostprocessing = 0;
		};
/* End PBXFrameworksBuildPhase section */

/* Begin PBXGroup section */
		4C52D070295AB67C00B6D8B8 = {
			isa = PBXGroup;
			children = (
				4C52D08A295AB77800B6D8B8 /* Packages */,
				4C52D07B295AB67C00B6D8B8 /* PackagesExample */,
				4C52D08C295AB78B00B6D8B8 /* Frameworks */,
				4C52D08F295AB9EC00B6D8B8 /* PackagesExample.app */,
			);
			sourceTree = "<group>";
		};
		4C52D07B295AB67C00B6D8B8 /* PackagesExample */ = {
			isa = PBXGroup;
			children = (
				4C52D07C295AB67C00B6D8B8 /* PackagesExampleApp.swift */,
				4C52D07E295AB67C00B6D8B8 /* ContentView.swift */,
				4C52D080295AB67C00B6D8B8 /* Assets.xcassets */,
				4C52D082295AB67C00B6D8B8 /* Preview Content */,
			);
			path = PackagesExample;
			sourceTree = "<group>";
		};
		4C52D082295AB67C00B6D8B8 /* Preview Content */ = {
			isa = PBXGroup;
			children = (
				4C52D083295AB67C00B6D8B8 /* Preview Assets.xcassets */,
			);
			path = "Preview Content";
			sourceTree = "<group>";
		};
		4C52D08A295AB77800B6D8B8 /* Packages */ = {
			isa = PBXGroup;
			children = (
				4C52D097295ABE4E00B6D8B8 /* MyModels */,
				4C52D098295ACCCC00B6D8B8 /* MyViews */,
			);
			name = Packages;
			sourceTree = "<group>";
		};
		4C52D08C295AB78B00B6D8B8 /* Frameworks */ = {
			isa = PBXGroup;
			children = (
			);
			name = Frameworks;
			sourceTree = "<group>";
		};
/* End PBXGroup section */

/* Begin PBXNativeTarget section */
		4C52D078295AB67C00B6D8B8 /* PackagesExample */ = {
			isa = PBXNativeTarget;
			buildConfigurationList = 4C52D087295AB67C00B6D8B8 /* Build configuration list for PBXNativeTarget "PackagesExample" */;
			buildPhases = (
				4C52D075295AB67C00B6D8B8 /* Sources */,
				4C52D076295AB67C00B6D8B8 /* Frameworks */,
				4C52D077295AB67C00B6D8B8 /* Resources */,
			);
			buildRules = (
			);
			dependencies = (
			);
			name = PackagesExample;
			packageProductDependencies = (
				4C52D093295ABD2B00B6D8B8 /* Algorithms */,
				4C52D099295ACD1800B6D8B8 /* MyModels */,
				4C52D09B295ACD3000B6D8B8 /* MyViews */,
			);
			productName = PackagesExample;
			productReference = 4C52D08F295AB9EC00B6D8B8 /* PackagesExample.app */;
			productType = "com.apple.product-type.application";
		};
/* End PBXNativeTarget section */

/* Begin PBXProject section */
		4C52D071295AB67C00B6D8B8 /* Project object */ = {
			isa = PBXProject;
			attributes = {
				BuildIndependentTargetsInParallel = 1;
				LastSwiftUpdateCheck = 1330;
				LastUpgradeCheck = 1330;
				TargetAttributes = {
					4C52D078295AB67C00B6D8B8 = {
						CreatedOnToolsVersion = 13.3.1;
					};
				};
			};
			buildConfigurationList = 4C52D074295AB67C00B6D8B8 /* Build configuration list for PBXProject "PackagesExample" */;
			compatibilityVersion = "Xcode 13.0";
			developmentRegion = en;
			hasScannedForEncodings = 0;
			knownRegions = (
				en,
				Base,
			);
			mainGroup = 4C52D070295AB67C00B6D8B8;
			packageReferences = (
				4C52D092295ABD2B00B6D8B8 /* XCRemoteSwiftPackageReference "swift-algorithms" */,
			);
			productRefGroup = 4C52D070295AB67C00B6D8B8;
			projectDirPath = "";
			projectRoot = "";
			targets = (
				4C52D078295AB67C00B6D8B8 /* PackagesExample */,
			);
		};
/* End PBXProject section */

/* Begin PBXResourcesBuildPhase section */
		4C52D077295AB67C00B6D8B8 /* Resources */ = {
			isa = PBXResourcesBuildPhase;
			buildActionMask = 2147483647;
			files = (
				4C52D084295AB67C00B6D8B8 /* Preview Assets.xcassets in Resources */,
				4C52D081295AB67C00B6D8B8 /* Assets.xcassets in Resources */,
			);
			runOnlyForDeploymentPostprocessing = 0;
		};
/* End PBXResourcesBuildPhase section */

/* Begin PBXSourcesBuildPhase section */
		4C52D075295AB67C00B6D8B8 /* Sources */ = {
			isa = PBXSourcesBuildPhase;
			buildActionMask = 2147483647;
			files = (
				4C52D07F295AB67C00B6D8B8 /* ContentView.swift in Sources */,
				4C52D07D295AB67C00B6D8B8 /* PackagesExampleApp.swift in Sources */,
			);
			runOnlyForDeploymentPostprocessing = 0;
		};
/* End PBXSourcesBuildPhase section */

/* Begin XCBuildConfiguration section */
		4C52D085295AB67C00B6D8B8 /* Debug */ = {
			isa = XCBuildConfiguration;
			buildSettings = {
				ALWAYS_SEARCH_USER_PATHS = NO;
				CLANG_ANALYZER_NONNULL = YES;
				CLANG_ANALYZER_NUMBER_OBJECT_CONVERSION = YES_AGGRESSIVE;
				CLANG_CXX_LANGUAGE_STANDARD = "gnu++17";
				CLANG_ENABLE_MODULES = YES;
				CLANG_ENABLE_OBJC_ARC = YES;
				CLANG_ENABLE_OBJC_WEAK = YES;
				CLANG_WARN_BLOCK_CAPTURE_AUTORELEASING = YES;
				CLANG_WARN_BOOL_CONVERSION = YES;
				CLANG_WARN_COMMA = YES;
				CLANG_WARN_CONSTANT_CONVERSION = YES;
				CLANG_WARN_DEPRECATED_OBJC_IMPLEMENTATIONS = YES;
				CLANG_WARN_DIRECT_OBJC_ISA_USAGE = YES_ERROR;
				CLANG_WARN_DOCUMENTATION_COMMENTS = YES;
				CLANG_WARN_EMPTY_BODY = YES;
				CLANG_WARN_ENUM_CONVERSION = YES;
				CLANG_WARN_INFINITE_RECURSION = YES;
				CLANG_WARN_INT_CONVERSION = YES;
				CLANG_WARN_NON_LITERAL_NULL_CONVERSION = YES;
				CLANG_WARN_OBJC_IMPLICIT_RETAIN_SELF = YES;
				CLANG_WARN_OBJC_LITERAL_CONVERSION = YES;
				CLANG_WARN_OBJC_ROOT_CLASS = YES_ERROR;
				CLANG_WARN_QUOTED_INCLUDE_IN_FRAMEWORK_HEADER = YES;
				CLANG_WARN_RANGE_LOOP_ANALYSIS = YES;
				CLANG_WARN_STRICT_PROTOTYPES = YES;
				CLANG_WARN_SUSPICIOUS_MOVE = YES;
				CLANG_WARN_UNGUARDED_AVAILABILITY = YES_AGGRESSIVE;
				CLANG_WARN_UNREACHABLE_CODE = YES;
				CLANG_WARN__DUPLICATE_METHOD_MATCH = YES;
				COPY_PHASE_STRIP = NO;
				DEBUG_INFORMATION_FORMAT = dwarf;
				ENABLE_STRICT_OBJC_MSGSEND = YES;
				ENABLE_TESTABILITY = YES;
				EXCLUDED_ARCHS = "";
				GCC_C_LANGUAGE_STANDARD = gnu11;
				GCC_DYNAMIC_NO_PIC = NO;
				GCC_NO_COMMON_BLOCKS = YES;
				GCC_OPTIMIZATION_LEVEL = 0;
				GCC_PREPROCESSOR_DEFINITIONS = (
					"DEBUG=1",
					"$(inherited)",
				);
				GCC_WARN_64_TO_32_BIT_CONVERSION = YES;
				GCC_WARN_ABOUT_RETURN_TYPE = YES_ERROR;
				GCC_WARN_UNDECLARED_SELECTOR = YES;
				GCC_WARN_UNINITIALIZED_AUTOS = YES_AGGRESSIVE;
				GCC_WARN_UNUSED_FUNCTION = YES;
				GCC_WARN_UNUSED_VARIABLE = YES;
				IPHONEOS_DEPLOYMENT_TARGET = 15.4;
				MTL_ENABLE_DEBUG_INFO = INCLUDE_SOURCE;
				MTL_FAST_MATH = YES;
				ONLY_ACTIVE_ARCH = YES;
				SDKROOT = iphoneos;
				SWIFT_ACTIVE_COMPILATION_CONDITIONS = DEBUG;
				SWIFT_OPTIMIZATION_LEVEL = "-Onone";
			};
			name = Debug;
		};
		4C52D086295AB67C00B6D8B8 /* Release */ = {
			isa = XCBuildConfiguration;
			buildSettings = {
				ALWAYS_SEARCH_USER_PATHS = NO;
				CLANG_ANALYZER_NONNULL = YES;
				CLANG_ANALYZER_NUMBER_OBJECT_CONVERSION = YES_AGGRESSIVE;
				CLANG_CXX_LANGUAGE_STANDARD = "gnu++17";
				CLANG_ENABLE_MODULES = YES;
				CLANG_ENABLE_OBJC_ARC = YES;
				CLANG_ENABLE_OBJC_WEAK = YES;
				CLANG_WARN_BLOCK_CAPTURE_AUTORELEASING = YES;
				CLANG_WARN_BOOL_CONVERSION = YES;
				CLANG_WARN_COMMA = YES;
				CLANG_WARN_CONSTANT_CONVERSION = YES;
				CLANG_WARN_DEPRECATED_OBJC_IMPLEMENTATIONS = YES;
				CLANG_WARN_DIRECT_OBJC_ISA_USAGE = YES_ERROR;
				CLANG_WARN_DOCUMENTATION_COMMENTS = YES;
				CLANG_WARN_EMPTY_BODY = YES;
				CLANG_WARN_ENUM_CONVERSION = YES;
				CLANG_WARN_INFINITE_RECURSION = YES;
				CLANG_WARN_INT_CONVERSION = YES;
				CLANG_WARN_NON_LITERAL_NULL_CONVERSION = YES;
				CLANG_WARN_OBJC_IMPLICIT_RETAIN_SELF = YES;
				CLANG_WARN_OBJC_LITERAL_CONVERSION = YES;
				CLANG_WARN_OBJC_ROOT_CLASS = YES_ERROR;
				CLANG_WARN_QUOTED_INCLUDE_IN_FRAMEWORK_HEADER = YES;
				CLANG_WARN_RANGE_LOOP_ANALYSIS = YES;
				CLANG_WARN_STRICT_PROTOTYPES = YES;
				CLANG_WARN_SUSPICIOUS_MOVE = YES;
				CLANG_WARN_UNGUARDED_AVAILABILITY = YES_AGGRESSIVE;
				CLANG_WARN_UNREACHABLE_CODE = YES;
				CLANG_WARN__DUPLICATE_METHOD_MATCH = YES;
				COPY_PHASE_STRIP = NO;
				DEBUG_INFORMATION_FORMAT = "dwarf-with-dsym";
				ENABLE_NS_ASSERTIONS = NO;
				ENABLE_STRICT_OBJC_MSGSEND = YES;
				EXCLUDED_ARCHS = "";
				GCC_C_LANGUAGE_STANDARD = gnu11;
				GCC_NO_COMMON_BLOCKS = YES;
				GCC_WARN_64_TO_32_BIT_CONVERSION = YES;
				GCC_WARN_ABOUT_RETURN_TYPE = YES_ERROR;
				GCC_WARN_UNDECLARED_SELECTOR = YES;
				GCC_WARN_UNINITIALIZED_AUTOS = YES_AGGRESSIVE;
				GCC_WARN_UNUSED_FUNCTION = YES;
				GCC_WARN_UNUSED_VARIABLE = YES;
				IPHONEOS_DEPLOYMENT_TARGET = 15.4;
				MTL_ENABLE_DEBUG_INFO = NO;
				MTL_FAST_MATH = YES;
				SDKROOT = iphoneos;
				SWIFT_COMPILATION_MODE = wholemodule;
				SWIFT_OPTIMIZATION_LEVEL = "-O";
				VALIDATE_PRODUCT = YES;
			};
			name = Release;
		};
		4C52D088295AB67C00B6D8B8 /* Debug */ = {
			isa = XCBuildConfiguration;
			buildSettings = {
				ASSETCATALOG_COMPILER_APPICON_NAME = AppIcon;
				ASSETCATALOG_COMPILER_GLOBAL_ACCENT_COLOR_NAME = AccentColor;
				CODE_SIGN_STYLE = Automatic;
				CURRENT_PROJECT_VERSION = 1;
				DEVELOPMENT_ASSET_PATHS = "\"PackagesExample/Preview Content\"";
				ENABLE_PREVIEWS = YES;
				GENERATE_INFOPLIST_FILE = YES;
				INFOPLIST_KEY_UIApplicationSceneManifest_Generation = YES;
				INFOPLIST_KEY_UIApplicationSupportsIndirectInputEvents = YES;
				INFOPLIST_KEY_UILaunchScreen_Generation = YES;
				INFOPLIST_KEY_UISupportedInterfaceOrientations_iPad = "UIInterfaceOrientationPortrait UIInterfaceOrientationPortraitUpsideDown UIInterfaceOrientationLandscapeLeft UIInterfaceOrientationLandscapeRight";
				INFOPLIST_KEY_UISupportedInterfaceOrientations_iPhone = "UIInterfaceOrientationPortrait UIInterfaceOrientationLandscapeLeft UIInterfaceOrientationLandscapeRight";
				LD_RUNPATH_SEARCH_PATHS = (
					"$(inherited)",
					"@executable_path/Frameworks",
				);
				MARKETING_VERSION = 1.0;
				PRODUCT_BUNDLE_IDENTIFIER = com.TheAvengers.PackagesExample;
				PRODUCT_NAME = "$(TARGET_NAME)";
				SWIFT_EMIT_LOC_STRINGS = YES;
				SWIFT_VERSION = 5.0;
				TARGETED_DEVICE_FAMILY = "1,2";
			};
			name = Debug;
		};
		4C52D089295AB67C00B6D8B8 /* Release */ = {
			isa = XCBuildConfiguration;
			buildSettings = {
				ASSETCATALOG_COMPILER_APPICON_NAME = AppIcon;
				ASSETCATALOG_COMPILER_GLOBAL_ACCENT_COLOR_NAME = AccentColor;
				CODE_SIGN_STYLE = Automatic;
				CURRENT_PROJECT_VERSION = 1;
				DEVELOPMENT_ASSET_PATHS = "\"PackagesExample/Preview Content\"";
				ENABLE_PREVIEWS = YES;
				GENERATE_INFOPLIST_FILE = YES;
				INFOPLIST_KEY_UIApplicationSceneManifest_Generation = YES;
				INFOPLIST_KEY_UIApplicationSupportsIndirectInputEvents = YES;
				INFOPLIST_KEY_UILaunchScreen_Generation = YES;
				INFOPLIST_KEY_UISupportedInterfaceOrientations_iPad = "UIInterfaceOrientationPortrait UIInterfaceOrientationPortraitUpsideDown UIInterfaceOrientationLandscapeLeft UIInterfaceOrientationLandscapeRight";
				INFOPLIST_KEY_UISupportedInterfaceOrientations_iPhone = "UIInterfaceOrientationPortrait UIInterfaceOrientationLandscapeLeft UIInterfaceOrientationLandscapeRight";
				LD_RUNPATH_SEARCH_PATHS = (
					"$(inherited)",
					"@executable_path/Frameworks",
				);
				MARKETING_VERSION = 1.0;
				PRODUCT_BUNDLE_IDENTIFIER = com.TheAvengers.PackagesExample;
				PRODUCT_NAME = "$(TARGET_NAME)";
				SWIFT_EMIT_LOC_STRINGS = YES;
				SWIFT_VERSION = 5.0;
				TARGETED_DEVICE_FAMILY = "1,2";
			};
			name = Release;
		};
/* End XCBuildConfiguration section */

/* Begin XCConfigurationList section */
		4C52D074295AB67C00B6D8B8 /* Build configuration list for PBXProject "PackagesExample" */ = {
			isa = XCConfigurationList;
			buildConfigurations = (
				4C52D085295AB67C00B6D8B8 /* Debug */,
				4C52D086295AB67C00B6D8B8 /* Release */,
			);
			defaultConfigurationIsVisible = 0;
			defaultConfigurationName = Release;
		};
		4C52D087295AB67C00B6D8B8 /* Build configuration list for PBXNativeTarget "PackagesExample" */ = {
			isa = XCConfigurationList;
			buildConfigurations = (
				4C52D088295AB67C00B6D8B8 /* Debug */,
				4C52D089295AB67C00B6D8B8 /* Release */,
			);
			defaultConfigurationIsVisible = 0;
			defaultConfigurationName = Release;
		};
/* End XCConfigurationList section */

/* Begin XCRemoteSwiftPackageReference section */
		4C52D092295ABD2B00B6D8B8 /* XCRemoteSwiftPackageReference "swift-algorithms" */ = {
			isa = XCRemoteSwiftPackageReference;
			repositoryURL = "https://github.com/apple/swift-algorithms.git";
			requirement = {
				kind = upToNextMajorVersion;
				minimumVersion = 1.0.0;
			};
		};
/* End XCRemoteSwiftPackageReference section */

/* Begin XCSwiftPackageProductDependency section */
		4C52D093295ABD2B00B6D8B8 /* Algorithms */ = {
			isa = XCSwiftPackageProductDependency;
			package = 4C52D092295ABD2B00B6D8B8 /* XCRemoteSwiftPackageReference "swift-algorithms" */;
			productName = Algorithms;
		};
		4C52D099295ACD1800B6D8B8 /* MyModels */ = {
			isa = XCSwiftPackageProductDependency;
			productName = MyModels;
		};
		4C52D09B295ACD3000B6D8B8 /* MyViews */ = {
			isa = XCSwiftPackageProductDependency;
			productName = MyViews;
		};
/* End XCSwiftPackageProductDependency section */
	};
	rootObject = 4C52D071295AB67C00B6D8B8 /* Project object */;
}
