// !$*UTF8*$!
{
	archiveVersion = 1;
	classes = {
	};
	objectVersion = 50;
	objects = {

/* Begin PBXBuildFile section */
		19FD85315066844AE1FB54A9 /* Pods_SnapKitTutorial.framework in Frameworks */ = {isa = PBXBuildFile; fileRef = 5803905147DE3B15FAE0BC03 /* Pods_SnapKitTutorial.framework */; };
		4C6BAD0426286DB7001667CF /* AppDelegate.swift in Sources */ = {isa = PBXBuildFile; fileRef = 4C6BAD0326286DB7001667CF /* AppDelegate.swift */; };
		4C6BAD0626286DB7001667CF /* SceneDelegate.swift in Sources */ = {isa = PBXBuildFile; fileRef = 4C6BAD0526286DB7001667CF /* SceneDelegate.swift */; };
		4C6BAD0826286DB7001667CF /* ViewController.swift in Sources */ = {isa = PBXBuildFile; fileRef = 4C6BAD0726286DB7001667CF /* ViewController.swift */; };
		4C6BAD0B26286DB7001667CF /* Main.storyboard in Resources */ = {isa = PBXBuildFile; fileRef = 4C6BAD0926286DB7001667CF /* Main.storyboard */; };
		4C6BAD0D26286DB9001667CF /* Assets.xcassets in Resources */ = {isa = PBXBuildFile; fileRef = 4C6BAD0C26286DB9001667CF /* Assets.xcassets */; };
		4C6BAD1026286DB9001667CF /* LaunchScreen.storyboard in Resources */ = {isa = PBXBuildFile; fileRef = 4C6BAD0E26286DB9001667CF /* LaunchScreen.storyboard */; };
/* End PBXBuildFile section */

/* Begin PBXFileReference section */
		02FE5B7513C48C0EA4F36139 /* Pods-SnapKitTutorial.release.xcconfig */ = {isa = PBXFileReference; includeInIndex = 1; lastKnownFileType = text.xcconfig; name = "Pods-SnapKitTutorial.release.xcconfig"; path = "Target Support Files/Pods-SnapKitTutorial/Pods-SnapKitTutorial.release.xcconfig"; sourceTree = "<group>"; };
		4C6BAD0026286DB7001667CF /* SnapKitTutorial.app */ = {isa = PBXFileReference; explicitFileType = wrapper.application; includeInIndex = 0; path = SnapKitTutorial.app; sourceTree = BUILT_PRODUCTS_DIR; };
		4C6BAD0326286DB7001667CF /* AppDelegate.swift */ = {isa = PBXFileReference; lastKnownFileType = sourcecode.swift; path = AppDelegate.swift; sourceTree = "<group>"; };
		4C6BAD0526286DB7001667CF /* SceneDelegate.swift */ = {isa = PBXFileReference; lastKnownFileType = sourcecode.swift; path = SceneDelegate.swift; sourceTree = "<group>"; };
		4C6BAD0726286DB7001667CF /* ViewController.swift */ = {isa = PBXFileReference; lastKnownFileType = sourcecode.swift; path = ViewController.swift; sourceTree = "<group>"; };
		4C6BAD0A26286DB7001667CF /* Base */ = {isa = PBXFileReference; lastKnownFileType = file.storyboard; name = Base; path = Base.lproj/Main.storyboard; sourceTree = "<group>"; };
		4C6BAD0C26286DB9001667CF /* Assets.xcassets */ = {isa = PBXFileReference; lastKnownFileType = folder.assetcatalog; path = Assets.xcassets; sourceTree = "<group>"; };
		4C6BAD0F26286DB9001667CF /* Base */ = {isa = PBXFileReference; lastKnownFileType = file.storyboard; name = Base; path = Base.lproj/LaunchScreen.storyboard; sourceTree = "<group>"; };
		4C6BAD1126286DB9001667CF /* Info.plist */ = {isa = PBXFileReference; lastKnownFileType = text.plist.xml; path = Info.plist; sourceTree = "<group>"; };
		5803905147DE3B15FAE0BC03 /* Pods_SnapKitTutorial.framework */ = {isa = PBXFileReference; explicitFileType = wrapper.framework; includeInIndex = 0; path = Pods_SnapKitTutorial.framework; sourceTree = BUILT_PRODUCTS_DIR; };
		DA61A47C5CAD9EC29FA1EEE2 /* Pods-SnapKitTutorial.debug.xcconfig */ = {isa = PBXFileReference; includeInIndex = 1; lastKnownFileType = text.xcconfig; name = "Pods-SnapKitTutorial.debug.xcconfig"; path = "Target Support Files/Pods-SnapKitTutorial/Pods-SnapKitTutorial.debug.xcconfig"; sourceTree = "<group>"; };
/* End PBXFileReference section */

/* Begin PBXFrameworksBuildPhase section */
		4C6BACFD26286DB7001667CF /* Frameworks */ = {
			isa = PBXFrameworksBuildPhase;
			buildActionMask = 2147483647;
			files = (
				19FD85315066844AE1FB54A9 /* Pods_SnapKitTutorial.framework in Frameworks */,
			);
			runOnlyForDeploymentPostprocessing = 0;
		};
/* End PBXFrameworksBuildPhase section */

/* Begin PBXGroup section */
		351F95762D0D8DD33B0D8024 /* Pods */ = {
			isa = PBXGroup;
			children = (
				DA61A47C5CAD9EC29FA1EEE2 /* Pods-SnapKitTutorial.debug.xcconfig */,
				02FE5B7513C48C0EA4F36139 /* Pods-SnapKitTutorial.release.xcconfig */,
			);
			name = Pods;
			path = Pods;
			sourceTree = "<group>";
		};
		494FE46A109EEDD51282B534 /* Frameworks */ = {
			isa = PBXGroup;
			children = (
				5803905147DE3B15FAE0BC03 /* Pods_SnapKitTutorial.framework */,
			);
			name = Frameworks;
			sourceTree = "<group>";
		};
		4C6BACF726286DB7001667CF = {
			isa = PBXGroup;
			children = (
				4C6BAD0226286DB7001667CF /* SnapKitTutorial */,
				4C6BAD0126286DB7001667CF /* Products */,
				351F95762D0D8DD33B0D8024 /* Pods */,
				494FE46A109EEDD51282B534 /* Frameworks */,
			);
			sourceTree = "<group>";
		};
		4C6BAD0126286DB7001667CF /* Products */ = {
			isa = PBXGroup;
			children = (
				4C6BAD0026286DB7001667CF /* SnapKitTutorial.app */,
			);
			name = Products;
			sourceTree = "<group>";
		};
		4C6BAD0226286DB7001667CF /* SnapKitTutorial */ = {
			isa = PBXGroup;
			children = (
				4C6BAD0326286DB7001667CF /* AppDelegate.swift */,
				4C6BAD0526286DB7001667CF /* SceneDelegate.swift */,
				4C6BAD0726286DB7001667CF /* ViewController.swift */,
				4C6BAD0926286DB7001667CF /* Main.storyboard */,
				4C6BAD0C26286DB9001667CF /* Assets.xcassets */,
				4C6BAD0E26286DB9001667CF /* LaunchScreen.storyboard */,
				4C6BAD1126286DB9001667CF /* Info.plist */,
			);
			path = SnapKitTutorial;
			sourceTree = "<group>";
		};
/* End PBXGroup section */

/* Begin PBXNativeTarget section */
		4C6BACFF26286DB7001667CF /* SnapKitTutorial */ = {
			isa = PBXNativeTarget;
			buildConfigurationList = 4C6BAD1426286DB9001667CF /* Build configuration list for PBXNativeTarget "SnapKitTutorial" */;
			buildPhases = (
				F122F92196CA42DBAEB6FA9C /* [CP] Check Pods Manifest.lock */,
				4C6BACFC26286DB7001667CF /* Sources */,
				4C6BACFD26286DB7001667CF /* Frameworks */,
				4C6BACFE26286DB7001667CF /* Resources */,
				C36ED371F4123ED7D282805F /* [CP] Embed Pods Frameworks */,
			);
			buildRules = (
			);
			dependencies = (
			);
			name = SnapKitTutorial;
			productName = SnapKitTutorial;
			productReference = 4C6BAD0026286DB7001667CF /* SnapKitTutorial.app */;
			productType = "com.apple.product-type.application";
		};
/* End PBXNativeTarget section */

/* Begin PBXProject section */
		4C6BACF826286DB7001667CF /* Project object */ = {
			isa = PBXProject;
			attributes = {
				LastSwiftUpdateCheck = 1230;
				LastUpgradeCheck = 1230;
				TargetAttributes = {
					4C6BACFF26286DB7001667CF = {
						CreatedOnToolsVersion = 12.3;
					};
				};
			};
			buildConfigurationList = 4C6BACFB26286DB7001667CF /* Build configuration list for PBXProject "SnapKitTutorial" */;
			compatibilityVersion = "Xcode 9.3";
			developmentRegion = en;
			hasScannedForEncodings = 0;
			knownRegions = (
				en,
				Base,
			);
			mainGroup = 4C6BACF726286DB7001667CF;
			productRefGroup = 4C6BAD0126286DB7001667CF /* Products */;
			projectDirPath = "";
			projectRoot = "";
			targets = (
				4C6BACFF26286DB7001667CF /* SnapKitTutorial */,
			);
		};
/* End PBXProject section */

/* Begin PBXResourcesBuildPhase section */
		4C6BACFE26286DB7001667CF /* Resources */ = {
			isa = PBXResourcesBuildPhase;
			buildActionMask = 2147483647;
			files = (
				4C6BAD1026286DB9001667CF /* LaunchScreen.storyboard in Resources */,
				4C6BAD0D26286DB9001667CF /* Assets.xcassets in Resources */,
				4C6BAD0B26286DB7001667CF /* Main.storyboard in Resources */,
			);
			runOnlyForDeploymentPostprocessing = 0;
		};
/* End PBXResourcesBuildPhase section */

/* Begin PBXShellScriptBuildPhase section */
		C36ED371F4123ED7D282805F /* [CP] Embed Pods Frameworks */ = {
			isa = PBXShellScriptBuildPhase;
			buildActionMask = 2147483647;
			files = (
			);
			inputFileListPaths = (
				"${PODS_ROOT}/Target Support Files/Pods-SnapKitTutorial/Pods-SnapKitTutorial-frameworks-${CONFIGURATION}-input-files.xcfilelist",
			);
			name = "[CP] Embed Pods Frameworks";
			outputFileListPaths = (
				"${PODS_ROOT}/Target Support Files/Pods-SnapKitTutorial/Pods-SnapKitTutorial-frameworks-${CONFIGURATION}-output-files.xcfilelist",
			);
			runOnlyForDeploymentPostprocessing = 0;
			shellPath = /bin/sh;
			shellScript = "\"${PODS_ROOT}/Target Support Files/Pods-SnapKitTutorial/Pods-SnapKitTutorial-frameworks.sh\"\n";
			showEnvVarsInLog = 0;
		};
		F122F92196CA42DBAEB6FA9C /* [CP] Check Pods Manifest.lock */ = {
			isa = PBXShellScriptBuildPhase;
			buildActionMask = 2147483647;
			files = (
			);
			inputFileListPaths = (
			);
			inputPaths = (
				"${PODS_PODFILE_DIR_PATH}/Podfile.lock",
				"${PODS_ROOT}/Manifest.lock",
			);
			name = "[CP] Check Pods Manifest.lock";
			outputFileListPaths = (
			);
			outputPaths = (
				"$(DERIVED_FILE_DIR)/Pods-SnapKitTutorial-checkManifestLockResult.txt",
			);
			runOnlyForDeploymentPostprocessing = 0;
			shellPath = /bin/sh;
			shellScript = "diff \"${PODS_PODFILE_DIR_PATH}/Podfile.lock\" \"${PODS_ROOT}/Manifest.lock\" > /dev/null\nif [ $? != 0 ] ; then\n    # print error to STDERR\n    echo \"error: The sandbox is not in sync with the Podfile.lock. Run 'pod install' or update your CocoaPods installation.\" >&2\n    exit 1\nfi\n# This output is used by Xcode 'outputs' to avoid re-running this script phase.\necho \"SUCCESS\" > \"${SCRIPT_OUTPUT_FILE_0}\"\n";
			showEnvVarsInLog = 0;
		};
/* End PBXShellScriptBuildPhase section */

/* Begin PBXSourcesBuildPhase section */
		4C6BACFC26286DB7001667CF /* Sources */ = {
			isa = PBXSourcesBuildPhase;
			buildActionMask = 2147483647;
			files = (
				4C6BAD0826286DB7001667CF /* ViewController.swift in Sources */,
				4C6BAD0426286DB7001667CF /* AppDelegate.swift in Sources */,
				4C6BAD0626286DB7001667CF /* SceneDelegate.swift in Sources */,
			);
			runOnlyForDeploymentPostprocessing = 0;
		};
/* End PBXSourcesBuildPhase section */

/* Begin PBXVariantGroup section */
		4C6BAD0926286DB7001667CF /* Main.storyboard */ = {
			isa = PBXVariantGroup;
			children = (
				4C6BAD0A26286DB7001667CF /* Base */,
			);
			name = Main.storyboard;
			sourceTree = "<group>";
		};
		4C6BAD0E26286DB9001667CF /* LaunchScreen.storyboard */ = {
			isa = PBXVariantGroup;
			children = (
				4C6BAD0F26286DB9001667CF /* Base */,
			);
			name = LaunchScreen.storyboard;
			sourceTree = "<group>";
		};
/* End PBXVariantGroup section */

/* Begin XCBuildConfiguration section */
		4C6BAD1226286DB9001667CF /* Debug */ = {
			isa = XCBuildConfiguration;
			buildSettings = {
				ALWAYS_SEARCH_USER_PATHS = NO;
				CLANG_ANALYZER_NONNULL = YES;
				CLANG_ANALYZER_NUMBER_OBJECT_CONVERSION = YES_AGGRESSIVE;
				CLANG_CXX_LANGUAGE_STANDARD = "gnu++14";
				CLANG_CXX_LIBRARY = "libc++";
				CLANG_ENABLE_MODULES = YES;
				CLANG_ENABLE_OBJC_ARC = YES;
				CLANG_ENABLE_OBJC_WEAK = YES;
				CLANG_WARN_BLOCK_CAPTURE_AUTORELEASING = YES;
				CLANG_WARN_BOOL_CONVERSION = YES;
				CLANG_WARN_COMMA = YES;
				CLANG_WARN_CONSTANT_CONVERSION = YES;
				CLANG_WARN_DEPRECATED_OBJC_IMPLEMENTATIONS = YES;
				CLANG_WARN_DIRECT_OBJC_ISA_USAGE = YES_ERROR;
				CLANG_WARN_DOCUMENTATION_COMMENTS = YES;
				CLANG_WARN_EMPTY_BODY = YES;
				CLANG_WARN_ENUM_CONVERSION = YES;
				CLANG_WARN_INFINITE_RECURSION = YES;
				CLANG_WARN_INT_CONVERSION = YES;
				CLANG_WARN_NON_LITERAL_NULL_CONVERSION = YES;
				CLANG_WARN_OBJC_IMPLICIT_RETAIN_SELF = YES;
				CLANG_WARN_OBJC_LITERAL_CONVERSION = YES;
				CLANG_WARN_OBJC_ROOT_CLASS = YES_ERROR;
				CLANG_WARN_QUOTED_INCLUDE_IN_FRAMEWORK_HEADER = YES;
				CLANG_WARN_RANGE_LOOP_ANALYSIS = YES;
				CLANG_WARN_STRICT_PROTOTYPES = YES;
				CLANG_WARN_SUSPICIOUS_MOVE = YES;
				CLANG_WARN_UNGUARDED_AVAILABILITY = YES_AGGRESSIVE;
				CLANG_WARN_UNREACHABLE_CODE = YES;
				CLANG_WARN__DUPLICATE_METHOD_MATCH = YES;
				COPY_PHASE_STRIP = NO;
				DEBUG_INFORMATION_FORMAT = dwarf;
				ENABLE_STRICT_OBJC_MSGSEND = YES;
				ENABLE_TESTABILITY = YES;
				GCC_C_LANGUAGE_STANDARD = gnu11;
				GCC_DYNAMIC_NO_PIC = NO;
				GCC_NO_COMMON_BLOCKS = YES;
				GCC_OPTIMIZATION_LEVEL = 0;
				GCC_PREPROCESSOR_DEFINITIONS = (
					"DEBUG=1",
					"$(inherited)",
				);
				GCC_WARN_64_TO_32_BIT_CONVERSION = YES;
				GCC_WARN_ABOUT_RETURN_TYPE = YES_ERROR;
				GCC_WARN_UNDECLARED_SELECTOR = YES;
				GCC_WARN_UNINITIALIZED_AUTOS = YES_AGGRESSIVE;
				GCC_WARN_UNUSED_FUNCTION = YES;
				GCC_WARN_UNUSED_VARIABLE = YES;
				IPHONEOS_DEPLOYMENT_TARGET = 14.3;
				MTL_ENABLE_DEBUG_INFO = INCLUDE_SOURCE;
				MTL_FAST_MATH = YES;
				ONLY_ACTIVE_ARCH = YES;
				SDKROOT = iphoneos;
				SWIFT_ACTIVE_COMPILATION_CONDITIONS = DEBUG;
				SWIFT_OPTIMIZATION_LEVEL = "-Onone";
			};
			name = Debug;
		};
		4C6BAD1326286DB9001667CF /* Release */ = {
			isa = XCBuildConfiguration;
			buildSettings = {
				ALWAYS_SEARCH_USER_PATHS = NO;
				CLANG_ANALYZER_NONNULL = YES;
				CLANG_ANALYZER_NUMBER_OBJECT_CONVERSION = YES_AGGRESSIVE;
				CLANG_CXX_LANGUAGE_STANDARD = "gnu++14";
				CLANG_CXX_LIBRARY = "libc++";
				CLANG_ENABLE_MODULES = YES;
				CLANG_ENABLE_OBJC_ARC = YES;
				CLANG_ENABLE_OBJC_WEAK = YES;
				CLANG_WARN_BLOCK_CAPTURE_AUTORELEASING = YES;
				CLANG_WARN_BOOL_CONVERSION = YES;
				CLANG_WARN_COMMA = YES;
				CLANG_WARN_CONSTANT_CONVERSION = YES;
				CLANG_WARN_DEPRECATED_OBJC_IMPLEMENTATIONS = YES;
				CLANG_WARN_DIRECT_OBJC_ISA_USAGE = YES_ERROR;
				CLANG_WARN_DOCUMENTATION_COMMENTS = YES;
				CLANG_WARN_EMPTY_BODY = YES;
				CLANG_WARN_ENUM_CONVERSION = YES;
				CLANG_WARN_INFINITE_RECURSION = YES;
				CLANG_WARN_INT_CONVERSION = YES;
				CLANG_WARN_NON_LITERAL_NULL_CONVERSION = YES;
				CLANG_WARN_OBJC_IMPLICIT_RETAIN_SELF = YES;
				CLANG_WARN_OBJC_LITERAL_CONVERSION = YES;
				CLANG_WARN_OBJC_ROOT_CLASS = YES_ERROR;
				CLANG_WARN_QUOTED_INCLUDE_IN_FRAMEWORK_HEADER = YES;
				CLANG_WARN_RANGE_LOOP_ANALYSIS = YES;
				CLANG_WARN_STRICT_PROTOTYPES = YES;
				CLANG_WARN_SUSPICIOUS_MOVE = YES;
				CLANG_WARN_UNGUARDED_AVAILABILITY = YES_AGGRESSIVE;
				CLANG_WARN_UNREACHABLE_CODE = YES;
				CLANG_WARN__DUPLICATE_METHOD_MATCH = YES;
				COPY_PHASE_STRIP = NO;
				DEBUG_INFORMATION_FORMAT = "dwarf-with-dsym";
				ENABLE_NS_ASSERTIONS = NO;
				ENABLE_STRICT_OBJC_MSGSEND = YES;
				GCC_C_LANGUAGE_STANDARD = gnu11;
				GCC_NO_COMMON_BLOCKS = YES;
				GCC_WARN_64_TO_32_BIT_CONVERSION = YES;
				GCC_WARN_ABOUT_RETURN_TYPE = YES_ERROR;
				GCC_WARN_UNDECLARED_SELECTOR = YES;
				GCC_WARN_UNINITIALIZED_AUTOS = YES_AGGRESSIVE;
				GCC_WARN_UNUSED_FUNCTION = YES;
				GCC_WARN_UNUSED_VARIABLE = YES;
				IPHONEOS_DEPLOYMENT_TARGET = 14.3;
				MTL_ENABLE_DEBUG_INFO = NO;
				MTL_FAST_MATH = YES;
				SDKROOT = iphoneos;
				SWIFT_COMPILATION_MODE = wholemodule;
				SWIFT_OPTIMIZATION_LEVEL = "-O";
				VALIDATE_PRODUCT = YES;
			};
			name = Release;
		};
		4C6BAD1526286DB9001667CF /* Debug */ = {
			isa = XCBuildConfiguration;
			baseConfigurationReference = DA61A47C5CAD9EC29FA1EEE2 /* Pods-SnapKitTutorial.debug.xcconfig */;
			buildSettings = {
				ASSETCATALOG_COMPILER_APPICON_NAME = AppIcon;
				ASSETCATALOG_COMPILER_GLOBAL_ACCENT_COLOR_NAME = AccentColor;
				CODE_SIGN_STYLE = Automatic;
				INFOPLIST_FILE = SnapKitTutorial/Info.plist;
				LD_RUNPATH_SEARCH_PATHS = (
					"$(inherited)",
					"@executable_path/Frameworks",
				);
				PRODUCT_BUNDLE_IDENTIFIER = com.TheAvengers.SnapKitTutorial;
				PRODUCT_NAME = "$(TARGET_NAME)";
				SWIFT_VERSION = 5.0;
				TARGETED_DEVICE_FAMILY = "1,2";
			};
			name = Debug;
		};
		4C6BAD1626286DB9001667CF /* Release */ = {
			isa = XCBuildConfiguration;
			baseConfigurationReference = 02FE5B7513C48C0EA4F36139 /* Pods-SnapKitTutorial.release.xcconfig */;
			buildSettings = {
				ASSETCATALOG_COMPILER_APPICON_NAME = AppIcon;
				ASSETCATALOG_COMPILER_GLOBAL_ACCENT_COLOR_NAME = AccentColor;
				CODE_SIGN_STYLE = Automatic;
				INFOPLIST_FILE = SnapKitTutorial/Info.plist;
				LD_RUNPATH_SEARCH_PATHS = (
					"$(inherited)",
					"@executable_path/Frameworks",
				);
				PRODUCT_BUNDLE_IDENTIFIER = com.TheAvengers.SnapKitTutorial;
				PRODUCT_NAME = "$(TARGET_NAME)";
				SWIFT_VERSION = 5.0;
				TARGETED_DEVICE_FAMILY = "1,2";
			};
			name = Release;
		};
/* End XCBuildConfiguration section */

/* Begin XCConfigurationList section */
		4C6BACFB26286DB7001667CF /* Build configuration list for PBXProject "SnapKitTutorial" */ = {
			isa = XCConfigurationList;
			buildConfigurations = (
				4C6BAD1226286DB9001667CF /* Debug */,
				4C6BAD1326286DB9001667CF /* Release */,
			);
			defaultConfigurationIsVisible = 0;
			defaultConfigurationName = Release;
		};
		4C6BAD1426286DB9001667CF /* Build configuration list for PBXNativeTarget "SnapKitTutorial" */ = {
			isa = XCConfigurationList;
			buildConfigurations = (
				4C6BAD1526286DB9001667CF /* Debug */,
				4C6BAD1626286DB9001667CF /* Release */,
			);
			defaultConfigurationIsVisible = 0;
			defaultConfigurationName = Release;
		};
/* End XCConfigurationList section */
	};
	rootObject = 4C6BACF826286DB7001667CF /* Project object */;
}
