// !$*UTF8*$!
{
	archiveVersion = 1;
	classes = {
	};
	objectVersion = 50;
	objects = {

/* Begin PBXBuildFile section */
		4C3D0FA1256A5A6B00EC235E /* main.swift in Sources */ = {isa = PBXBuildFile; fileRef = 4C3D0FA0256A5A6B00EC235E /* main.swift */; };
		8F3A744A707986AA3A2A2BFD /* Pods_RXSwiftHeart.framework in Frameworks */ = {isa = PBXBuildFile; fileRef = ED867795C05F4527B6E86116 /* Pods_RXSwiftHeart.framework */; };
/* End PBXBuildFile section */

/* Begin PBXCopyFilesBuildPhase section */
		4C3D0F9B256A5A6B00EC235E /* CopyFiles */ = {
			isa = PBXCopyFilesBuildPhase;
			buildActionMask = 2147483647;
			dstPath = /usr/share/man/man1/;
			dstSubfolderSpec = 0;
			files = (
			);
			runOnlyForDeploymentPostprocessing = 1;
		};
/* End PBXCopyFilesBuildPhase section */

/* Begin PBXFileReference section */
		4C3D0F9D256A5A6B00EC235E /* RXSwiftHeart */ = {isa = PBXFileReference; explicitFileType = "compiled.mach-o.executable"; includeInIndex = 0; path = RXSwiftHeart; sourceTree = BUILT_PRODUCTS_DIR; };
		4C3D0FA0256A5A6B00EC235E /* main.swift */ = {isa = PBXFileReference; lastKnownFileType = sourcecode.swift; path = main.swift; sourceTree = "<group>"; };
		6447F8E0D5C4BE21B62501F6 /* Pods-RXSwiftHeart.release.xcconfig */ = {isa = PBXFileReference; includeInIndex = 1; lastKnownFileType = text.xcconfig; name = "Pods-RXSwiftHeart.release.xcconfig"; path = "Target Support Files/Pods-RXSwiftHeart/Pods-RXSwiftHeart.release.xcconfig"; sourceTree = "<group>"; };
		6D5AD3031C8BCF93D7D6D5C9 /* Pods-RXSwiftHeart.debug.xcconfig */ = {isa = PBXFileReference; includeInIndex = 1; lastKnownFileType = text.xcconfig; name = "Pods-RXSwiftHeart.debug.xcconfig"; path = "Target Support Files/Pods-RXSwiftHeart/Pods-RXSwiftHeart.debug.xcconfig"; sourceTree = "<group>"; };
		ED867795C05F4527B6E86116 /* Pods_RXSwiftHeart.framework */ = {isa = PBXFileReference; explicitFileType = wrapper.framework; includeInIndex = 0; path = Pods_RXSwiftHeart.framework; sourceTree = BUILT_PRODUCTS_DIR; };
/* End PBXFileReference section */

/* Begin PBXFrameworksBuildPhase section */
		4C3D0F9A256A5A6B00EC235E /* Frameworks */ = {
			isa = PBXFrameworksBuildPhase;
			buildActionMask = 2147483647;
			files = (
				8F3A744A707986AA3A2A2BFD /* Pods_RXSwiftHeart.framework in Frameworks */,
			);
			runOnlyForDeploymentPostprocessing = 0;
		};
/* End PBXFrameworksBuildPhase section */

/* Begin PBXGroup section */
		4C3D0F94256A5A6B00EC235E = {
			isa = PBXGroup;
			children = (
				4C3D0F9F256A5A6B00EC235E /* RXSwiftHeart */,
				4C3D0F9E256A5A6B00EC235E /* Products */,
				7BEA7762E197BC3BDB639760 /* Pods */,
				5221E559E2DBBD360880C899 /* Frameworks */,
			);
			sourceTree = "<group>";
		};
		4C3D0F9E256A5A6B00EC235E /* Products */ = {
			isa = PBXGroup;
			children = (
				4C3D0F9D256A5A6B00EC235E /* RXSwiftHeart */,
			);
			name = Products;
			sourceTree = "<group>";
		};
		4C3D0F9F256A5A6B00EC235E /* RXSwiftHeart */ = {
			isa = PBXGroup;
			children = (
				4C3D0FA0256A5A6B00EC235E /* main.swift */,
			);
			path = RXSwiftHeart;
			sourceTree = "<group>";
		};
		5221E559E2DBBD360880C899 /* Frameworks */ = {
			isa = PBXGroup;
			children = (
				ED867795C05F4527B6E86116 /* Pods_RXSwiftHeart.framework */,
			);
			name = Frameworks;
			sourceTree = "<group>";
		};
		7BEA7762E197BC3BDB639760 /* Pods */ = {
			isa = PBXGroup;
			children = (
				6D5AD3031C8BCF93D7D6D5C9 /* Pods-RXSwiftHeart.debug.xcconfig */,
				6447F8E0D5C4BE21B62501F6 /* Pods-RXSwiftHeart.release.xcconfig */,
			);
			name = Pods;
			path = Pods;
			sourceTree = "<group>";
		};
/* End PBXGroup section */

/* Begin PBXNativeTarget section */
		4C3D0F9C256A5A6B00EC235E /* RXSwiftHeart */ = {
			isa = PBXNativeTarget;
			buildConfigurationList = 4C3D0FA4256A5A6B00EC235E /* Build configuration list for PBXNativeTarget "RXSwiftHeart" */;
			buildPhases = (
				534397E1A0C74C8DAF541DA9 /* [CP] Check Pods Manifest.lock */,
				4C3D0F99256A5A6B00EC235E /* Sources */,
				4C3D0F9A256A5A6B00EC235E /* Frameworks */,
				4C3D0F9B256A5A6B00EC235E /* CopyFiles */,
			);
			buildRules = (
			);
			dependencies = (
			);
			name = RXSwiftHeart;
			productName = RXSwiftHeart;
			productReference = 4C3D0F9D256A5A6B00EC235E /* RXSwiftHeart */;
			productType = "com.apple.product-type.tool";
		};
/* End PBXNativeTarget section */

/* Begin PBXProject section */
		4C3D0F95256A5A6B00EC235E /* Project object */ = {
			isa = PBXProject;
			attributes = {
				LastSwiftUpdateCheck = 1150;
				LastUpgradeCheck = 1150;
				ORGANIZATIONNAME = TheAvengers;
				TargetAttributes = {
					4C3D0F9C256A5A6B00EC235E = {
						CreatedOnToolsVersion = 11.5;
					};
				};
			};
			buildConfigurationList = 4C3D0F98256A5A6B00EC235E /* Build configuration list for PBXProject "RXSwiftHeart" */;
			compatibilityVersion = "Xcode 9.3";
			developmentRegion = en;
			hasScannedForEncodings = 0;
			knownRegions = (
				en,
				Base,
			);
			mainGroup = 4C3D0F94256A5A6B00EC235E;
			productRefGroup = 4C3D0F9E256A5A6B00EC235E /* Products */;
			projectDirPath = "";
			projectRoot = "";
			targets = (
				4C3D0F9C256A5A6B00EC235E /* RXSwiftHeart */,
			);
		};
/* End PBXProject section */

/* Begin PBXShellScriptBuildPhase section */
		534397E1A0C74C8DAF541DA9 /* [CP] Check Pods Manifest.lock */ = {
			isa = PBXShellScriptBuildPhase;
			buildActionMask = 2147483647;
			files = (
			);
			inputFileListPaths = (
			);
			inputPaths = (
				"${PODS_PODFILE_DIR_PATH}/Podfile.lock",
				"${PODS_ROOT}/Manifest.lock",
			);
			name = "[CP] Check Pods Manifest.lock";
			outputFileListPaths = (
			);
			outputPaths = (
				"$(DERIVED_FILE_DIR)/Pods-RXSwiftHeart-checkManifestLockResult.txt",
			);
			runOnlyForDeploymentPostprocessing = 0;
			shellPath = /bin/sh;
			shellScript = "diff \"${PODS_PODFILE_DIR_PATH}/Podfile.lock\" \"${PODS_ROOT}/Manifest.lock\" > /dev/null\nif [ $? != 0 ] ; then\n    # print error to STDERR\n    echo \"error: The sandbox is not in sync with the Podfile.lock. Run 'pod install' or update your CocoaPods installation.\" >&2\n    exit 1\nfi\n# This output is used by Xcode 'outputs' to avoid re-running this script phase.\necho \"SUCCESS\" > \"${SCRIPT_OUTPUT_FILE_0}\"\n";
			showEnvVarsInLog = 0;
		};
/* End PBXShellScriptBuildPhase section */

/* Begin PBXSourcesBuildPhase section */
		4C3D0F99256A5A6B00EC235E /* Sources */ = {
			isa = PBXSourcesBuildPhase;
			buildActionMask = 2147483647;
			files = (
				4C3D0FA1256A5A6B00EC235E /* main.swift in Sources */,
			);
			runOnlyForDeploymentPostprocessing = 0;
		};
/* End PBXSourcesBuildPhase section */

/* Begin XCBuildConfiguration section */
		4C3D0FA2256A5A6B00EC235E /* Debug */ = {
			isa = XCBuildConfiguration;
			buildSettings = {
				ALWAYS_SEARCH_USER_PATHS = NO;
				CLANG_ANALYZER_NONNULL = YES;
				CLANG_ANALYZER_NUMBER_OBJECT_CONVERSION = YES_AGGRESSIVE;
				CLANG_CXX_LANGUAGE_STANDARD = "gnu++14";
				CLANG_CXX_LIBRARY = "libc++";
				CLANG_ENABLE_MODULES = YES;
				CLANG_ENABLE_OBJC_ARC = YES;
				CLANG_ENABLE_OBJC_WEAK = YES;
				CLANG_WARN_BLOCK_CAPTURE_AUTORELEASING = YES;
				CLANG_WARN_BOOL_CONVERSION = YES;
				CLANG_WARN_COMMA = YES;
				CLANG_WARN_CONSTANT_CONVERSION = YES;
				CLANG_WARN_DEPRECATED_OBJC_IMPLEMENTATIONS = YES;
				CLANG_WARN_DIRECT_OBJC_ISA_USAGE = YES_ERROR;
				CLANG_WARN_DOCUMENTATION_COMMENTS = YES;
				CLANG_WARN_EMPTY_BODY = YES;
				CLANG_WARN_ENUM_CONVERSION = YES;
				CLANG_WARN_INFINITE_RECURSION = YES;
				CLANG_WARN_INT_CONVERSION = YES;
				CLANG_WARN_NON_LITERAL_NULL_CONVERSION = YES;
				CLANG_WARN_OBJC_IMPLICIT_RETAIN_SELF = YES;
				CLANG_WARN_OBJC_LITERAL_CONVERSION = YES;
				CLANG_WARN_OBJC_ROOT_CLASS = YES_ERROR;
				CLANG_WARN_RANGE_LOOP_ANALYSIS = YES;
				CLANG_WARN_STRICT_PROTOTYPES = YES;
				CLANG_WARN_SUSPICIOUS_MOVE = YES;
				CLANG_WARN_UNGUARDED_AVAILABILITY = YES_AGGRESSIVE;
				CLANG_WARN_UNREACHABLE_CODE = YES;
				CLANG_WARN__DUPLICATE_METHOD_MATCH = YES;
				COPY_PHASE_STRIP = NO;
				DEBUG_INFORMATION_FORMAT = dwarf;
				ENABLE_STRICT_OBJC_MSGSEND = YES;
				ENABLE_TESTABILITY = YES;
				GCC_C_LANGUAGE_STANDARD = gnu11;
				GCC_DYNAMIC_NO_PIC = NO;
				GCC_NO_COMMON_BLOCKS = YES;
				GCC_OPTIMIZATION_LEVEL = 0;
				GCC_PREPROCESSOR_DEFINITIONS = (
					"DEBUG=1",
					"$(inherited)",
				);
				GCC_WARN_64_TO_32_BIT_CONVERSION = YES;
				GCC_WARN_ABOUT_RETURN_TYPE = YES_ERROR;
				GCC_WARN_UNDECLARED_SELECTOR = YES;
				GCC_WARN_UNINITIALIZED_AUTOS = YES_AGGRESSIVE;
				GCC_WARN_UNUSED_FUNCTION = YES;
				GCC_WARN_UNUSED_VARIABLE = YES;
				MACOSX_DEPLOYMENT_TARGET = 10.15;
				MTL_ENABLE_DEBUG_INFO = INCLUDE_SOURCE;
				MTL_FAST_MATH = YES;
				ONLY_ACTIVE_ARCH = YES;
				SDKROOT = macosx;
				SWIFT_ACTIVE_COMPILATION_CONDITIONS = DEBUG;
				SWIFT_OPTIMIZATION_LEVEL = "-Onone";
			};
			name = Debug;
		};
		4C3D0FA3256A5A6B00EC235E /* Release */ = {
			isa = XCBuildConfiguration;
			buildSettings = {
				ALWAYS_SEARCH_USER_PATHS = NO;
				CLANG_ANALYZER_NONNULL = YES;
				CLANG_ANALYZER_NUMBER_OBJECT_CONVERSION = YES_AGGRESSIVE;
				CLANG_CXX_LANGUAGE_STANDARD = "gnu++14";
				CLANG_CXX_LIBRARY = "libc++";
				CLANG_ENABLE_MODULES = YES;
				CLANG_ENABLE_OBJC_ARC = YES;
				CLANG_ENABLE_OBJC_WEAK = YES;
				CLANG_WARN_BLOCK_CAPTURE_AUTORELEASING = YES;
				CLANG_WARN_BOOL_CONVERSION = YES;
				CLANG_WARN_COMMA = YES;
				CLANG_WARN_CONSTANT_CONVERSION = YES;
				CLANG_WARN_DEPRECATED_OBJC_IMPLEMENTATIONS = YES;
				CLANG_WARN_DIRECT_OBJC_ISA_USAGE = YES_ERROR;
				CLANG_WARN_DOCUMENTATION_COMMENTS = YES;
				CLANG_WARN_EMPTY_BODY = YES;
				CLANG_WARN_ENUM_CONVERSION = YES;
				CLANG_WARN_INFINITE_RECURSION = YES;
				CLANG_WARN_INT_CONVERSION = YES;
				CLANG_WARN_NON_LITERAL_NULL_CONVERSION = YES;
				CLANG_WARN_OBJC_IMPLICIT_RETAIN_SELF = YES;
				CLANG_WARN_OBJC_LITERAL_CONVERSION = YES;
				CLANG_WARN_OBJC_ROOT_CLASS = YES_ERROR;
				CLANG_WARN_RANGE_LOOP_ANALYSIS = YES;
				CLANG_WARN_STRICT_PROTOTYPES = YES;
				CLANG_WARN_SUSPICIOUS_MOVE = YES;
				CLANG_WARN_UNGUARDED_AVAILABILITY = YES_AGGRESSIVE;
				CLANG_WARN_UNREACHABLE_CODE = YES;
				CLANG_WARN__DUPLICATE_METHOD_MATCH = YES;
				COPY_PHASE_STRIP = NO;
				DEBUG_INFORMATION_FORMAT = "dwarf-with-dsym";
				ENABLE_NS_ASSERTIONS = NO;
				ENABLE_STRICT_OBJC_MSGSEND = YES;
				GCC_C_LANGUAGE_STANDARD = gnu11;
				GCC_NO_COMMON_BLOCKS = YES;
				GCC_WARN_64_TO_32_BIT_CONVERSION = YES;
				GCC_WARN_ABOUT_RETURN_TYPE = YES_ERROR;
				GCC_WARN_UNDECLARED_SELECTOR = YES;
				GCC_WARN_UNINITIALIZED_AUTOS = YES_AGGRESSIVE;
				GCC_WARN_UNUSED_FUNCTION = YES;
				GCC_WARN_UNUSED_VARIABLE = YES;
				MACOSX_DEPLOYMENT_TARGET = 10.15;
				MTL_ENABLE_DEBUG_INFO = NO;
				MTL_FAST_MATH = YES;
				SDKROOT = macosx;
				SWIFT_COMPILATION_MODE = wholemodule;
				SWIFT_OPTIMIZATION_LEVEL = "-O";
			};
			name = Release;
		};
		4C3D0FA5256A5A6B00EC235E /* Debug */ = {
			isa = XCBuildConfiguration;
			baseConfigurationReference = 6D5AD3031C8BCF93D7D6D5C9 /* Pods-RXSwiftHeart.debug.xcconfig */;
			buildSettings = {
				CODE_SIGN_STYLE = Automatic;
				DEVELOPMENT_TEAM = 3TX5EDTP2R;
				ENABLE_HARDENED_RUNTIME = YES;
				PRODUCT_NAME = "$(TARGET_NAME)";
				SWIFT_VERSION = 5.0;
			};
			name = Debug;
		};
		4C3D0FA6256A5A6B00EC235E /* Release */ = {
			isa = XCBuildConfiguration;
			baseConfigurationReference = 6447F8E0D5C4BE21B62501F6 /* Pods-RXSwiftHeart.release.xcconfig */;
			buildSettings = {
				CODE_SIGN_STYLE = Automatic;
				DEVELOPMENT_TEAM = 3TX5EDTP2R;
				ENABLE_HARDENED_RUNTIME = YES;
				PRODUCT_NAME = "$(TARGET_NAME)";
				SWIFT_VERSION = 5.0;
			};
			name = Release;
		};
/* End XCBuildConfiguration section */

/* Begin XCConfigurationList section */
		4C3D0F98256A5A6B00EC235E /* Build configuration list for PBXProject "RXSwiftHeart" */ = {
			isa = XCConfigurationList;
			buildConfigurations = (
				4C3D0FA2256A5A6B00EC235E /* Debug */,
				4C3D0FA3256A5A6B00EC235E /* Release */,
			);
			defaultConfigurationIsVisible = 0;
			defaultConfigurationName = Release;
		};
		4C3D0FA4256A5A6B00EC235E /* Build configuration list for PBXNativeTarget "RXSwiftHeart" */ = {
			isa = XCConfigurationList;
			buildConfigurations = (
				4C3D0FA5256A5A6B00EC235E /* Debug */,
				4C3D0FA6256A5A6B00EC235E /* Release */,
			);
			defaultConfigurationIsVisible = 0;
			defaultConfigurationName = Release;
		};
/* End XCConfigurationList section */
	};
	rootObject = 4C3D0F95256A5A6B00EC235E /* Project object */;
}
